{
  "version": 4,
  "terraform_version": "1.12.0",
  "serial": 18,
  "lineage": "8d40fde1-8d50-8c26-b16e-bbb05164a4e7",
  "outputs": {},
  "resources": [
    {
      "mode": "managed",
      "type": "genesyscloud_architect_schedules",
      "name": "ADI_Closed_hours",
      "provider": "provider[\"registry.terraform.io/mypurecloud/genesyscloud\"]",
      "instances": [
        {
          "schema_version": 1,
          "attributes_flat": {
            "description": "",
            "division_id": "d413f664-b1c4-472b-abe6-ab4634cae475",
            "end": "2023-04-27T07:59:00.000000",
            "id": "968138b8-c348-4a8f-b36c-19c60c1d51fb",
            "name": "ADI Closed hours",
            "rrule": "FREQ=WEEKLY;INTERVAL=1;BYDAY=MO,TU,WE,TH,FR,SA,SU",
            "start": "2023-04-26T22:59:00.000000"
          },
          "sensitive_attributes": []
        }
      ]
    },
    {
      "mode": "managed",
      "type": "genesyscloud_architect_schedules",
      "name": "ADI_Closed_hrs",
      "provider": "provider[\"registry.terraform.io/mypurecloud/genesyscloud\"]",
      "instances": [
        {
          "schema_version": 1,
          "attributes_flat": {
            "description": "",
            "division_id": "d413f664-b1c4-472b-abe6-ab4634cae475",
            "end": "2023-04-27T07:59:00.000000",
            "id": "11b42434-9c9e-4eef-878f-a96de58842c1",
            "name": "ADI Closed hrs",
            "rrule": "FREQ=WEEKLY;INTERVAL=1;BYDAY=MO,TU,WE,TH,FR,SA,SU",
            "start": "2023-04-26T22:59:00.000000"
          },
          "sensitive_attributes": []
        }
      ]
    },
    {
      "mode": "managed",
      "type": "genesyscloud_architect_schedules",
      "name": "ADI_Open_hours",
      "provider": "provider[\"registry.terraform.io/mypurecloud/genesyscloud\"]",
      "instances": [
        {
          "schema_version": 1,
          "attributes_flat": {
            "description": "",
            "division_id": "d413f664-b1c4-472b-abe6-ab4634cae475",
            "end": "2023-04-26T23:00:00.000000",
            "id": "aa99b865-7764-478d-b52f-2b3e6c09f182",
            "name": "ADI Open hours",
            "rrule": "FREQ=WEEKLY;INTERVAL=1;BYDAY=MO,TU,WE,TH,FR,SA,SU",
            "start": "2023-04-26T08:00:00.000000"
          },
          "sensitive_attributes": []
        }
      ]
    },
    {
      "mode": "managed",
      "type": "genesyscloud_architect_schedules",
      "name": "Akasa_Openhour",
      "provider": "provider[\"registry.terraform.io/mypurecloud/genesyscloud\"]",
      "instances": [
        {
          "schema_version": 1,
          "attributes_flat": {
            "description": "",
            "division_id": "d413f664-b1c4-472b-abe6-ab4634cae475",
            "end": "2022-11-16T22:00:00.000000",
            "id": "f415550a-97e1-4bde-b391-bfb485e494fb",
            "name": "Akasa_Openhour",
            "rrule": "FREQ=WEEKLY;INTERVAL=1;BYDAY=MO,TU,WE,TH,FR,SA,SU",
            "start": "2022-11-16T10:00:00.000000"
          },
          "sensitive_attributes": []
        }
      ]
    },
    {
      "mode": "managed",
      "type": "genesyscloud_architect_schedules",
      "name": "AlwaysClosed",
      "provider": "provider[\"registry.terraform.io/mypurecloud/genesyscloud\"]",
      "instances": [
        {
          "schema_version": 1,
          "attributes_flat": {
            "description": "",
            "division_id": "d413f664-b1c4-472b-abe6-ab4634cae475",
            "end": "2023-11-17T00:00:00.000000",
            "id": "b220a18b-c305-4a62-bb44-e420590b3e1e",
            "name": "AlwaysClosed",
            "rrule": "FREQ=DAILY",
            "start": "2023-11-16T00:00:00.000000"
          },
          "sensitive_attributes": []
        }
      ]
    },
    {
      "mode": "managed",
      "type": "genesyscloud_architect_schedules",
      "name": "Amsterdam_Main_Number",
      "provider": "provider[\"registry.terraform.io/mypurecloud/genesyscloud\"]",
      "instances": [
        {
          "schema_version": 1,
          "attributes_flat": {
            "description": "",
            "division_id": "d413f664-b1c4-472b-abe6-ab4634cae475",
            "end": "2023-08-28T17:00:00.000000",
            "id": "c7b69242-78a2-4bef-8968-b711e7665eaf",
            "name": "Amsterdam_Main_Number",
            "rrule": "",
            "start": "2023-08-28T09:00:00.000000"
          },
          "sensitive_attributes": []
        }
      ]
    },
    {
      "mode": "managed",
      "type": "genesyscloud_architect_schedules",
      "name": "AnimalClosed",
      "provider": "provider[\"registry.terraform.io/mypurecloud/genesyscloud\"]",
      "instances": [
        {
          "schema_version": 1,
          "attributes_flat": {
            "description": "",
            "division_id": "d413f664-b1c4-472b-abe6-ab4634cae475",
            "end": "2023-03-21T08:00:00.000000",
            "id": "a30b80d8-b4b8-4aa9-a310-64d4961d170a",
            "name": "AnimalClosed",
            "rrule": "FREQ=WEEKLY;INTERVAL=1;BYDAY=MO,TU,WE,TH,FR",
            "start": "2023-03-20T19:00:00.000000"
          },
          "sensitive_attributes": []
        }
      ]
    },
    {
      "mode": "managed",
      "type": "genesyscloud_architect_schedules",
      "name": "AnimalOpen",
      "provider": "provider[\"registry.terraform.io/mypurecloud/genesyscloud\"]",
      "instances": [
        {
          "schema_version": 1,
          "attributes_flat": {
            "description": "",
            "division_id": "d413f664-b1c4-472b-abe6-ab4634cae475",
            "end": "2023-03-20T19:00:00.000000",
            "id": "ed0a57fc-8731-4cf6-9dfd-5b0a5f8b02bc",
            "name": "AnimalOpen",
            "rrule": "FREQ=WEEKLY;INTERVAL=1;BYDAY=MO,TU,WE,TH,FR",
            "start": "2023-03-20T12:00:00.000000"
          },
          "sensitive_attributes": []
        }
      ]
    },
    {
      "mode": "managed",
      "type": "genesyscloud_architect_schedules",
      "name": "Arxada_German_close_hours",
      "provider": "provider[\"registry.terraform.io/mypurecloud/genesyscloud\"]",
      "instances": [
        {
          "schema_version": 1,
          "attributes_flat": {
            "description": "",
            "division_id": "d413f664-b1c4-472b-abe6-ab4634cae475",
            "end": "2023-04-26T07:59:00.000000",
            "id": "dfce67e2-71c4-42a8-8bc8-8fb18b4f07ff",
            "name": "Arxada German close hours",
            "rrule": "FREQ=WEEKLY;INTERVAL=1;BYDAY=MO,TU,WE,TH,FR",
            "start": "2023-04-25T17:00:00.000000"
          },
          "sensitive_attributes": []
        }
      ]
    },
    {
      "mode": "managed",
      "type": "genesyscloud_architect_schedules",
      "name": "Arxada_Open_House",
      "provider": "provider[\"registry.terraform.io/mypurecloud/genesyscloud\"]",
      "instances": [
        {
          "schema_version": 1,
          "attributes_flat": {
            "description": "",
            "division_id": "d413f664-b1c4-472b-abe6-ab4634cae475",
            "end": "2023-04-25T16:59:00.000000",
            "id": "8bc8cb6a-2103-4a9b-bd00-ea2844ef9d53",
            "name": "Arxada Open House",
            "rrule": "FREQ=WEEKLY;INTERVAL=1;BYDAY=MO,TU,WE,TH,FR",
            "start": "2023-04-25T08:00:00.000000"
          },
          "sensitive_attributes": []
        }
      ]
    },
    {
      "mode": "managed",
      "type": "genesyscloud_architect_schedules",
      "name": "Arxada_weekend",
      "provider": "provider[\"registry.terraform.io/mypurecloud/genesyscloud\"]",
      "instances": [
        {
          "schema_version": 1,
          "attributes_flat": {
            "description": "",
            "division_id": "d413f664-b1c4-472b-abe6-ab4634cae475",
            "end": "2023-04-29T23:59:59.000000",
            "id": "504a30e8-0dc1-4e60-98e8-3b7586fce85f",
            "name": "Arxada weekend",
            "rrule": "FREQ=WEEKLY;INTERVAL=1;BYDAY=SA,SU",
            "start": "2023-04-29T00:00:00.000000"
          },
          "sensitive_attributes": []
        }
      ]
    },
    {
      "mode": "managed",
      "type": "genesyscloud_architect_schedules",
      "name": "BlueDart_PoC_8am_to_8pm_WeekDays_Working_Hours_",
      "provider": "provider[\"registry.terraform.io/mypurecloud/genesyscloud\"]",
      "instances": [
        {
          "schema_version": 1,
          "attributes_flat": {
            "description": "",
            "division_id": "3d475f77-4f3d-4e8f-8023-440e84a3b6e7",
            "end": "2025-01-08T20:00:00.000000",
            "id": "a0bdcb4d-af7a-464d-9e67-b314102ac72d",
            "name": "BlueDart_PoC_8am to 8pm WeekDays Working Hours ",
            "rrule": "FREQ=WEEKLY;WKST=SU;BYDAY=MO,TU,WE,TH,FR",
            "start": "2025-01-08T08:00:00.000000"
          },
          "sensitive_attributes": []
        }
      ]
    },
    {
      "mode": "managed",
      "type": "genesyscloud_architect_schedules",
      "name": "CSG-CSTS_APJ_Man_Open_Hours",
      "provider": "provider[\"registry.terraform.io/mypurecloud/genesyscloud\"]",
      "instances": [
        {
          "schema_version": 1,
          "attributes_flat": {
            "description": "",
            "division_id": "d413f664-b1c4-472b-abe6-ab4634cae475",
            "end": "2023-10-26T18:00:00.000000",
            "id": "ce6ae647-1cc0-41b1-829d-9a2d6b451f00",
            "name": "CSG-CSTS APJ Man Open Hours",
            "rrule": "FREQ=WEEKLY;WKST=SU;BYDAY=MO,TU,WE,TH,FR",
            "start": "2023-10-25T09:00:00.000000"
          },
          "sensitive_attributes": []
        }
      ]
    },
    {
      "mode": "managed",
      "type": "genesyscloud_architect_schedules",
      "name": "CSG_-CSTS_APJ_Man_Closed_Hours_Morning_-_Working_Weekend7",
      "provider": "provider[\"registry.terraform.io/mypurecloud/genesyscloud\"]",
      "instances": [
        {
          "schema_version": 1,
          "attributes_flat": {
            "description": "",
            "division_id": "d413f664-b1c4-472b-abe6-ab4634cae475",
            "end": "2023-10-26T08:00:00.000000",
            "id": "e22e9fe9-2359-407c-b818-3da7f9383bdd",
            "name": "CSG -CSTS APJ Man Closed Hours Morning - Working Weekend7",
            "rrule": "FREQ=WEEKLY;BYDAY=MO,TU,WE,TH,FR",
            "start": "2023-10-25T18:00:00.000000"
          },
          "sensitive_attributes": []
        }
      ]
    },
    {
      "mode": "managed",
      "type": "genesyscloud_architect_schedules",
      "name": "CSG_-_CSTS_APJ_Man_Closed_Hours_Morning_-_Working_Weekend6",
      "provider": "provider[\"registry.terraform.io/mypurecloud/genesyscloud\"]",
      "instances": [
        {
          "schema_version": 1,
          "attributes_flat": {
            "description": "",
            "division_id": "d413f664-b1c4-472b-abe6-ab4634cae475",
            "end": "2023-10-25T17:00:00.000000",
            "id": "c7df39b6-2136-492d-955e-bc057816da69",
            "name": "CSG - CSTS APJ Man Closed Hours Morning - Working Weekend6",
            "rrule": "",
            "start": "2023-10-25T09:00:00.000000"
          },
          "sensitive_attributes": []
        }
      ]
    },
    {
      "mode": "managed",
      "type": "genesyscloud_architect_schedules",
      "name": "CSG_-_CSTS_APJ_Man_Meeting",
      "provider": "provider[\"registry.terraform.io/mypurecloud/genesyscloud\"]",
      "instances": [
        {
          "schema_version": 1,
          "attributes_flat": {
            "description": "",
            "division_id": "d413f664-b1c4-472b-abe6-ab4634cae475",
            "end": "2023-10-25T12:59:00.000000",
            "id": "4095118a-a045-4892-bdc1-e5c034284fdd",
            "name": "CSG - CSTS APJ Man Meeting",
            "rrule": "",
            "start": "2023-10-25T12:55:00.000000"
          },
          "sensitive_attributes": []
        }
      ]
    },
    {
      "mode": "managed",
      "type": "genesyscloud_architect_schedules",
      "name": "CSG_-_CSTS_China_Holiday_-_National_Holiday",
      "provider": "provider[\"registry.terraform.io/mypurecloud/genesyscloud\"]",
      "instances": [
        {
          "schema_version": 1,
          "attributes_flat": {
            "description": "",
            "division_id": "d413f664-b1c4-472b-abe6-ab4634cae475",
            "end": "2023-10-25T11:30:00.000000",
            "id": "2ee0c586-c65e-4466-80ce-18171410ff89",
            "name": "CSG - CSTS China Holiday - National Holiday",
            "rrule": "",
            "start": "2023-10-25T11:00:00.000000"
          },
          "sensitive_attributes": []
        }
      ]
    },
    {
      "mode": "managed",
      "type": "genesyscloud_architect_schedules",
      "name": "CSG_-_CSTS_China_Holiday_-_TW_Children_s_Day",
      "provider": "provider[\"registry.terraform.io/mypurecloud/genesyscloud\"]",
      "instances": [
        {
          "schema_version": 1,
          "attributes_flat": {
            "description": "",
            "division_id": "d413f664-b1c4-472b-abe6-ab4634cae475",
            "end": "2023-10-25T11:45:00.000000",
            "id": "022d1b83-a841-4cf9-af10-b92668a681f6",
            "name": "CSG - CSTS China Holiday - TW Children's Day",
            "rrule": "",
            "start": "2023-10-25T11:35:00.000000"
          },
          "sensitive_attributes": []
        }
      ]
    },
    {
      "mode": "managed",
      "type": "genesyscloud_architect_schedules",
      "name": "CSG_SEV1_SEV2_Web2Cases",
      "provider": "provider[\"registry.terraform.io/mypurecloud/genesyscloud\"]",
      "instances": [
        {
          "schema_version": 1,
          "attributes_flat": {
            "description": "",
            "division_id": "d413f664-b1c4-472b-abe6-ab4634cae475",
            "end": "2035-01-31T23:59:59.000000",
            "id": "64aedde3-9ab0-4f00-8e5f-c9d5ef760818",
            "name": "CSG_SEV1_SEV2_Web2Cases",
            "rrule": "",
            "start": "2023-08-17T00:00:00.000000"
          },
          "sensitive_attributes": []
        }
      ]
    },
    {
      "mode": "managed",
      "type": "genesyscloud_architect_schedules",
      "name": "CSG_SEV3_SEV4_Web2Cases",
      "provider": "provider[\"registry.terraform.io/mypurecloud/genesyscloud\"]",
      "instances": [
        {
          "schema_version": 1,
          "attributes_flat": {
            "description": "",
            "division_id": "d413f664-b1c4-472b-abe6-ab4634cae475",
            "end": "2023-08-17T21:30:00.000000",
            "id": "11c1eec5-a83e-4d93-b0d1-ea75f57f0158",
            "name": "CSG_SEV3_SEV4_Web2Cases",
            "rrule": "FREQ=WEEKLY;INTERVAL=1;BYDAY=MO,TU,WE,TH,FR",
            "start": "2023-08-17T06:30:00.000000"
          },
          "sensitive_attributes": []
        }
      ]
    },
    {
      "mode": "managed",
      "type": "genesyscloud_architect_schedules",
      "name": "CSTS_APJ_Holiday_-__China_Chinese_New_Year",
      "provider": "provider[\"registry.terraform.io/mypurecloud/genesyscloud\"]",
      "instances": [
        {
          "schema_version": 1,
          "attributes_flat": {
            "description": "",
            "division_id": "d413f664-b1c4-472b-abe6-ab4634cae475",
            "end": "2023-08-28T17:00:00.000000",
            "id": "7a1df035-25df-4388-afd5-6d235c925f74",
            "name": "CSTS APJ Holiday -  China Chinese New Year",
            "rrule": "",
            "start": "2023-08-28T09:00:00.000000"
          },
          "sensitive_attributes": []
        }
      ]
    },
    {
      "mode": "managed",
      "type": "genesyscloud_architect_schedules",
      "name": "CSTS_APJ_Man_Open_Hours_-_Working_Weekend1",
      "provider": "provider[\"registry.terraform.io/mypurecloud/genesyscloud\"]",
      "instances": [
        {
          "schema_version": 1,
          "attributes_flat": {
            "description": "",
            "division_id": "d413f664-b1c4-472b-abe6-ab4634cae475",
            "end": "2023-10-25T17:00:00.000000",
            "id": "c299ada8-64aa-4f27-a80c-d09fea4b476e",
            "name": "CSTS APJ Man Open Hours - Working Weekend1",
            "rrule": "",
            "start": "2023-10-25T09:00:00.000000"
          },
          "sensitive_attributes": []
        }
      ]
    },
    {
      "mode": "managed",
      "type": "genesyscloud_architect_schedules",
      "name": "CSTS_APJ_Man_Open_Hours_-_Working_Weekend2",
      "provider": "provider[\"registry.terraform.io/mypurecloud/genesyscloud\"]",
      "instances": [
        {
          "schema_version": 1,
          "attributes_flat": {
            "description": "",
            "division_id": "d413f664-b1c4-472b-abe6-ab4634cae475",
            "end": "2023-10-25T17:00:00.000000",
            "id": "51f7edfb-2ae9-456a-80f8-c235f3b80633",
            "name": "CSTS APJ Man Open Hours - Working Weekend2",
            "rrule": "",
            "start": "2023-10-25T09:00:00.000000"
          },
          "sensitive_attributes": []
        }
      ]
    },
    {
      "mode": "managed",
      "type": "genesyscloud_architect_schedules",
      "name": "CX_as_Code_Schedule",
      "provider": "provider[\"registry.terraform.io/mypurecloud/genesyscloud\"]",
      "instances": [
        {
          "schema_version": 1,
          "attributes_flat": {
            "description": "Sample Schedule by CX as Code",
            "division_id": "d413f664-b1c4-472b-abe6-ab4634cae475",
            "end": "2025-08-04T17:00:00.000000",
            "id": "96d0229a-c120-4bc3-a3a3-3a43f6ab3d00",
            "name": "CX as Code Schedule",
            "rrule": "FREQ=DAILY;INTERVAL=1",
            "start": "2025-08-04T08:00:00.000000"
          },
          "sensitive_attributes": []
        }
      ]
    },
    {
      "mode": "managed",
      "type": "genesyscloud_architect_schedules",
      "name": "CX_as_Code_Schedule2",
      "provider": "provider[\"registry.terraform.io/mypurecloud/genesyscloud\"]",
      "instances": [
        {
          "schema_version": 1,
          "attributes_flat": {
            "description": "Sample Schedule by CX as Code2",
            "division_id": "d413f664-b1c4-472b-abe6-ab4634cae475",
            "end": "2025-08-04T17:00:00.000000",
            "id": "cdef7a83-d721-491f-a83d-1692c1e1928b",
            "name": "CX as Code Schedule2",
            "rrule": "FREQ=DAILY;INTERVAL=1",
            "start": "2025-08-04T08:00:00.000000"
          },
          "sensitive_attributes": []
        }
      ]
    },
    {
      "mode": "managed",
      "type": "genesyscloud_architect_schedules",
      "name": "CX_as_Code_Schedule3",
      "provider": "provider[\"registry.terraform.io/mypurecloud/genesyscloud\"]",
      "instances": [
        {
          "schema_version": 1,
          "attributes_flat": {
            "description": "Sample Schedule by CX as Code3",
            "division_id": "d413f664-b1c4-472b-abe6-ab4634cae475",
            "end": "2025-08-04T17:00:00.000000",
            "id": "fb9126ee-64c8-4ce7-bd3f-3edd3e90b616",
            "name": "CX as Code Schedule3",
            "rrule": "FREQ=DAILY;INTERVAL=1",
            "start": "2025-08-04T08:00:00.000000"
          },
          "sensitive_attributes": []
        }
      ]
    },
    {
      "mode": "managed",
      "type": "genesyscloud_architect_schedules",
      "name": "CX_as_Code_Schedule4",
      "provider": "provider[\"registry.terraform.io/mypurecloud/genesyscloud\"]",
      "instances": [
        {
          "schema_version": 1,
          "attributes_flat": {
            "description": "Sample Schedule by CX as Code3",
            "division_id": "d413f664-b1c4-472b-abe6-ab4634cae475",
            "end": "2025-08-04T17:00:00.000000",
            "id": "de2e0655-591d-43e9-840b-1b32a0e5a0f0",
            "name": "CX as Code Schedule4",
            "rrule": "FREQ=DAILY;INTERVAL=1",
            "start": "2025-08-04T08:00:00.000000"
          },
          "sensitive_attributes": []
        }
      ]
    },
    {
      "mode": "managed",
      "type": "genesyscloud_architect_schedules",
      "name": "C_opening",
      "provider": "provider[\"registry.terraform.io/mypurecloud/genesyscloud\"]",
      "instances": [
        {
          "schema_version": 1,
          "attributes_flat": {
            "description": "",
            "division_id": "d413f664-b1c4-472b-abe6-ab4634cae475",
            "end": "2024-05-29T00:00:00.000000",
            "id": "744d53a8-2e70-40a7-ad26-60872f6d9053",
            "name": "C_opening",
            "rrule": "FREQ=DAILY",
            "start": "2024-05-28T00:00:00.000000"
          },
          "sensitive_attributes": []
        }
      ]
    },
    {
      "mode": "managed",
      "type": "genesyscloud_architect_schedules",
      "name": "Chennai_RMZ_Working_Hours-Monday_to_friday_10AM_to_7PM",
      "provider": "provider[\"registry.terraform.io/mypurecloud/genesyscloud\"]",
      "instances": [
        {
          "schema_version": 1,
          "attributes_flat": {
            "description": "",
            "division_id": "d413f664-b1c4-472b-abe6-ab4634cae475",
            "end": "2025-04-15T19:00:00.000000",
            "id": "529dbeee-c315-4d7d-a86d-d30ef3fa17b6",
            "name": "Chennai RMZ Working Hours-Monday to friday 10AM to 7PM",
            "rrule": "FREQ=WEEKLY;WKST=SU;BYDAY=MO,TU,WE,TH,FR",
            "start": "2025-04-15T10:00:00.000000"
          },
          "sensitive_attributes": []
        }
      ]
    },
    {
      "mode": "managed",
      "type": "genesyscloud_architect_schedules",
      "name": "Closed-1",
      "provider": "provider[\"registry.terraform.io/mypurecloud/genesyscloud\"]",
      "instances": [
        {
          "schema_version": 1,
          "attributes_flat": {
            "description": "",
            "division_id": "d413f664-b1c4-472b-abe6-ab4634cae475",
            "end": "2024-02-19T00:00:00.000000",
            "id": "4becaf90-cbfb-436a-8b37-e6624cc81278",
            "name": "Closed-1",
            "rrule": "FREQ=WEEKLY;WKST=SU;BYDAY=SA,SU",
            "start": "2024-02-18T00:00:00.000000"
          },
          "sensitive_attributes": []
        }
      ]
    },
    {
      "mode": "managed",
      "type": "genesyscloud_architect_schedules",
      "name": "Closed_6PMto9AMIST_Weekdays",
      "provider": "provider[\"registry.terraform.io/mypurecloud/genesyscloud\"]",
      "instances": [
        {
          "schema_version": 1,
          "attributes_flat": {
            "description": "",
            "division_id": "f41c73a1-ddad-4e84-9e12-96c922953676",
            "end": "2022-02-03T08:59:00.000000",
            "id": "8723f04c-6403-496e-ab47-a186188e0ab7",
            "name": "Closed_6PMto9AMIST_Weekdays",
            "rrule": "FREQ=WEEKLY;INTERVAL=1;BYDAY=MO,TU,WE,TH,FR",
            "start": "2022-02-02T18:00:00.000000"
          },
          "sensitive_attributes": []
        }
      ]
    },
    {
      "mode": "managed",
      "type": "genesyscloud_architect_schedules",
      "name": "Closed_Hours_customer",
      "provider": "provider[\"registry.terraform.io/mypurecloud/genesyscloud\"]",
      "instances": [
        {
          "schema_version": 1,
          "attributes_flat": {
            "description": "",
            "division_id": "d413f664-b1c4-472b-abe6-ab4634cae475",
            "end": "2022-07-17T01:00:00.000000",
            "id": "63c6550a-9c0f-4287-8d1f-0618a3b02cc8",
            "name": "Closed Hours customer",
            "rrule": "FREQ=WEEKLY;INTERVAL=1;BYDAY=MO,TU,WE,TH,FR,SA,SU",
            "start": "2022-07-17T00:00:00.000000"
          },
          "sensitive_attributes": []
        }
      ]
    },
    {
      "mode": "managed",
      "type": "genesyscloud_architect_schedules",
      "name": "Closed_Hours_customer_support",
      "provider": "provider[\"registry.terraform.io/mypurecloud/genesyscloud\"]",
      "instances": [
        {
          "schema_version": 1,
          "attributes_flat": {
            "description": "",
            "division_id": "d413f664-b1c4-472b-abe6-ab4634cae475",
            "end": "2022-07-17T01:00:00.000000",
            "id": "ebea8af3-e2ec-40c4-9642-a203d90024cd",
            "name": "Closed Hours customer support",
            "rrule": "FREQ=WEEKLY;INTERVAL=1;BYDAY=MO,TU,WE,TH,FR,SA,SU",
            "start": "2022-07-17T00:00:00.000000"
          },
          "sensitive_attributes": []
        }
      ]
    },
    {
      "mode": "managed",
      "type": "genesyscloud_architect_schedules",
      "name": "Closed_Weekend",
      "provider": "provider[\"registry.terraform.io/mypurecloud/genesyscloud\"]",
      "instances": [
        {
          "schema_version": 1,
          "attributes_flat": {
            "description": "",
            "division_id": "f41c73a1-ddad-4e84-9e12-96c922953676",
            "end": "2022-02-05T23:59:00.000000",
            "id": "717c6fbc-602c-4d24-b843-9a433b00759c",
            "name": "Closed_Weekend",
            "rrule": "FREQ=WEEKLY;INTERVAL=1;BYDAY=SA,SU",
            "start": "2022-02-05T00:00:00.000000"
          },
          "sensitive_attributes": []
        }
      ]
    },
    {
      "mode": "managed",
      "type": "genesyscloud_architect_schedules",
      "name": "DHL_Schedule",
      "provider": "provider[\"registry.terraform.io/mypurecloud/genesyscloud\"]",
      "instances": [
        {
          "schema_version": 1,
          "attributes_flat": {
            "description": "",
            "division_id": "d413f664-b1c4-472b-abe6-ab4634cae475",
            "end": "2023-06-06T17:00:00.000000",
            "id": "d72320cb-db9e-471b-bf52-4a6428283af8",
            "name": "DHL Schedule",
            "rrule": "FREQ=WEEKLY;INTERVAL=1;BYDAY=MO,TU,WE,TH,FR",
            "start": "2023-06-06T05:00:00.000000"
          },
          "sensitive_attributes": []
        }
      ]
    },
    {
      "mode": "managed",
      "type": "genesyscloud_architect_schedules",
      "name": "EXY_Close_Weekdays",
      "provider": "provider[\"registry.terraform.io/mypurecloud/genesyscloud\"]",
      "instances": [
        {
          "schema_version": 1,
          "attributes_flat": {
            "description": "",
            "division_id": "d413f664-b1c4-472b-abe6-ab4634cae475",
            "end": "2023-02-08T07:59:00.000000",
            "id": "9aec2d1b-5dbf-4037-a452-fef8e09812e7",
            "name": "EXY Close Weekdays",
            "rrule": "FREQ=WEEKLY;INTERVAL=1;BYDAY=MO,TU,WE,TH,FR",
            "start": "2023-02-07T23:59:00.000000"
          },
          "sensitive_attributes": []
        }
      ]
    },
    {
      "mode": "managed",
      "type": "genesyscloud_architect_schedules",
      "name": "EXY_Holiday",
      "provider": "provider[\"registry.terraform.io/mypurecloud/genesyscloud\"]",
      "instances": [
        {
          "schema_version": 1,
          "attributes_flat": {
            "description": "",
            "division_id": "d413f664-b1c4-472b-abe6-ab4634cae475",
            "end": "2023-02-08T23:59:59.000000",
            "id": "ef085b56-67c1-45a9-b2ed-dc5b2429adcc",
            "name": "EXY Holiday",
            "rrule": "",
            "start": "2023-02-08T23:00:00.000000"
          },
          "sensitive_attributes": []
        }
      ]
    },
    {
      "mode": "managed",
      "type": "genesyscloud_architect_schedules",
      "name": "EXY_TOD",
      "provider": "provider[\"registry.terraform.io/mypurecloud/genesyscloud\"]",
      "instances": [
        {
          "schema_version": 1,
          "attributes_flat": {
            "description": "",
            "division_id": "d413f664-b1c4-472b-abe6-ab4634cae475",
            "end": "2023-02-07T23:00:00.000000",
            "id": "0dc2965a-a7e4-4dd9-a03c-30ebb97d9b79",
            "name": "EXY TOD",
            "rrule": "FREQ=WEEKLY;INTERVAL=1;BYDAY=MO,TU,WE,TH,FR",
            "start": "2023-02-07T09:00:00.000000"
          },
          "sensitive_attributes": []
        }
      ]
    },
    {
      "mode": "managed",
      "type": "genesyscloud_architect_schedules",
      "name": "EXY_TOD_Saturday",
      "provider": "provider[\"registry.terraform.io/mypurecloud/genesyscloud\"]",
      "instances": [
        {
          "schema_version": 1,
          "attributes_flat": {
            "description": "",
            "division_id": "d413f664-b1c4-472b-abe6-ab4634cae475",
            "end": "2023-02-11T13:00:00.000000",
            "id": "7a29a9f8-d000-498d-b7c1-466a513d2e11",
            "name": "EXY TOD Saturday",
            "rrule": "FREQ=WEEKLY;INTERVAL=1;BYDAY=SA",
            "start": "2023-02-11T09:00:00.000000"
          },
          "sensitive_attributes": []
        }
      ]
    },
    {
      "mode": "managed",
      "type": "genesyscloud_architect_schedules",
      "name": "EXY_Weekend_close",
      "provider": "provider[\"registry.terraform.io/mypurecloud/genesyscloud\"]",
      "instances": [
        {
          "schema_version": 1,
          "attributes_flat": {
            "description": "",
            "division_id": "d413f664-b1c4-472b-abe6-ab4634cae475",
            "end": "2023-02-12T08:59:00.000000",
            "id": "eaad4a47-ced5-4c2a-a3b9-acbc015b070b",
            "name": "EXY Weekend close",
            "rrule": "FREQ=WEEKLY;INTERVAL=1;BYDAY=SA,SU",
            "start": "2023-02-11T14:00:00.000000"
          },
          "sensitive_attributes": []
        }
      ]
    },
    {
      "mode": "managed",
      "type": "genesyscloud_architect_schedules",
      "name": "First_closed_12_AM_to_8_AM",
      "provider": "provider[\"registry.terraform.io/mypurecloud/genesyscloud\"]",
      "instances": [
        {
          "schema_version": 1,
          "attributes_flat": {
            "description": "",
            "division_id": "d413f664-b1c4-472b-abe6-ab4634cae475",
            "end": "2024-09-30T09:00:00.000000",
            "id": "1a24c66d-a192-4bed-9731-6317f1528b0c",
            "name": "First closed 12 AM to 8 AM",
            "rrule": "FREQ=WEEKLY;BYDAY=MO,TU,WE,TH,FR",
            "start": "2024-09-30T00:00:00.000000"
          },
          "sensitive_attributes": []
        }
      ]
    },
    {
      "mode": "managed",
      "type": "genesyscloud_architect_schedules",
      "name": "GenericHolidaySchedule",
      "provider": "provider[\"registry.terraform.io/mypurecloud/genesyscloud\"]",
      "instances": [
        {
          "schema_version": 1,
          "attributes_flat": {
            "description": "",
            "division_id": "d413f664-b1c4-472b-abe6-ab4634cae475",
            "end": "2023-01-28T23:59:59.000000",
            "id": "32b47993-d3e3-4b79-b13d-e20bf5a11a36",
            "name": "GenericHolidaySchedule",
            "rrule": "",
            "start": "2023-01-28T00:00:00.000000"
          },
          "sensitive_attributes": []
        }
      ]
    },
    {
      "mode": "managed",
      "type": "genesyscloud_architect_schedules",
      "name": "GenericOpenHours",
      "provider": "provider[\"registry.terraform.io/mypurecloud/genesyscloud\"]",
      "instances": [
        {
          "schema_version": 1,
          "attributes_flat": {
            "description": "",
            "division_id": "d413f664-b1c4-472b-abe6-ab4634cae475",
            "end": "2023-04-12T18:00:00.000000",
            "id": "62834094-4d8f-464d-9058-7ef67c9d43a9",
            "name": "GenericOpenHours",
            "rrule": "FREQ=WEEKLY;INTERVAL=1;BYDAY=MO,TU,WE,TH,FR,SA",
            "start": "2023-04-12T09:00:00.000000"
          },
          "sensitive_attributes": []
        }
      ]
    },
    {
      "mode": "managed",
      "type": "genesyscloud_architect_schedules",
      "name": "Govind_Special_Saturday",
      "provider": "provider[\"registry.terraform.io/mypurecloud/genesyscloud\"]",
      "instances": [
        {
          "schema_version": 1,
          "attributes_flat": {
            "description": "",
            "division_id": "d413f664-b1c4-472b-abe6-ab4634cae475",
            "end": "2025-02-22T16:00:00.000000",
            "id": "28aa49bf-7034-4693-b2bb-c835f69fd95c",
            "name": "Govind_Special Saturday",
            "rrule": "FREQ=MONTHLY;BYDAY=-1SA",
            "start": "2025-02-22T10:00:00.000000"
          },
          "sensitive_attributes": []
        }
      ]
    },
    {
      "mode": "managed",
      "type": "genesyscloud_architect_schedules",
      "name": "HCL_Closed_Hours_WeekEnd",
      "provider": "provider[\"registry.terraform.io/mypurecloud/genesyscloud\"]",
      "instances": [
        {
          "schema_version": 1,
          "attributes_flat": {
            "description": "",
            "division_id": "71d4f396-b47b-49d8-b15a-872526e58129",
            "end": "2022-04-02T23:59:59.000000",
            "id": "36a03678-1046-4efb-be3e-a595453e971b",
            "name": "HCL Closed Hours_WeekEnd",
            "rrule": "FREQ=WEEKLY;INTERVAL=1;BYDAY=SA,SU",
            "start": "2022-04-02T00:00:00.000000"
          },
          "sensitive_attributes": []
        }
      ]
    },
    {
      "mode": "managed",
      "type": "genesyscloud_architect_schedules",
      "name": "HCL_Closed_Hours_Weekdays",
      "provider": "provider[\"registry.terraform.io/mypurecloud/genesyscloud\"]",
      "instances": [
        {
          "schema_version": 1,
          "attributes_flat": {
            "description": "",
            "division_id": "71d4f396-b47b-49d8-b15a-872526e58129",
            "end": "2022-03-30T11:00:00.000000",
            "id": "14edf12f-76dc-48c3-93a2-e5565bcc6aca",
            "name": "HCL Closed Hours_Weekdays",
            "rrule": "FREQ=WEEKLY;INTERVAL=1;BYDAY=MO,TU,WE,TH,FR",
            "start": "2022-03-30T00:00:00.000000"
          },
          "sensitive_attributes": []
        }
      ]
    },
    {
      "mode": "managed",
      "type": "genesyscloud_architect_schedules",
      "name": "HCL_Open_Hours",
      "provider": "provider[\"registry.terraform.io/mypurecloud/genesyscloud\"]",
      "instances": [
        {
          "schema_version": 1,
          "attributes_flat": {
            "description": "",
            "division_id": "71d4f396-b47b-49d8-b15a-872526e58129",
            "end": "2022-03-30T23:59:59.000000",
            "id": "4651721e-b85d-420c-abd7-15f206f26031",
            "name": "HCL Open Hours",
            "rrule": "FREQ=WEEKLY;INTERVAL=1;BYDAY=MO,TU,WE,TH,FR",
            "start": "2022-03-30T11:00:00.000000"
          },
          "sensitive_attributes": []
        }
      ]
    },
    {
      "mode": "managed",
      "type": "genesyscloud_architect_schedules",
      "name": "HCL_POC2_Working_Hours",
      "provider": "provider[\"registry.terraform.io/mypurecloud/genesyscloud\"]",
      "instances": [
        {
          "schema_version": 1,
          "attributes_flat": {
            "description": "",
            "division_id": "00d49a80-4814-4f39-82f4-2324cbd6e9eb",
            "end": "2023-11-08T22:00:00.000000",
            "id": "775e797d-b142-44a5-9dfa-83fc2b217fea",
            "name": "HCL POC2 Working Hours",
            "rrule": "FREQ=WEEKLY;WKST=SU;BYDAY=MO,TU,WE,TH,FR",
            "start": "2023-11-08T09:00:00.000000"
          },
          "sensitive_attributes": []
        }
      ]
    },
    {
      "mode": "managed",
      "type": "genesyscloud_architect_schedules",
      "name": "HCL_POC_2_Evening_Closed_Hours",
      "provider": "provider[\"registry.terraform.io/mypurecloud/genesyscloud\"]",
      "instances": [
        {
          "schema_version": 1,
          "attributes_flat": {
            "description": "",
            "division_id": "00d49a80-4814-4f39-82f4-2324cbd6e9eb",
            "end": "2023-11-08T23:59:00.000000",
            "id": "6d206fe1-1753-459e-9ac2-3cdc2f9e69bf",
            "name": "HCL POC 2 Evening Closed Hours",
            "rrule": "FREQ=WEEKLY;WKST=SU;BYDAY=MO,TU,WE,TH,FR",
            "start": "2023-11-08T18:01:00.000000"
          },
          "sensitive_attributes": []
        }
      ]
    },
    {
      "mode": "managed",
      "type": "genesyscloud_architect_schedules",
      "name": "HCL_POC_2_Holiday",
      "provider": "provider[\"registry.terraform.io/mypurecloud/genesyscloud\"]",
      "instances": [
        {
          "schema_version": 1,
          "attributes_flat": {
            "description": "",
            "division_id": "00d49a80-4814-4f39-82f4-2324cbd6e9eb",
            "end": "2023-11-15T00:00:00.000000",
            "id": "3cb26232-cf9b-4424-b6eb-83c23510b24e",
            "name": "HCL POC 2 Holiday",
            "rrule": "FREQ=WEEKLY;WKST=SU;BYDAY=MO,TU,WE,TH,FR",
            "start": "2023-11-14T00:00:00.000000"
          },
          "sensitive_attributes": []
        }
      ]
    },
    {
      "mode": "managed",
      "type": "genesyscloud_architect_schedules",
      "name": "HCL_POC_2_Morning_Closed_Hours",
      "provider": "provider[\"registry.terraform.io/mypurecloud/genesyscloud\"]",
      "instances": [
        {
          "schema_version": 1,
          "attributes_flat": {
            "description": "",
            "division_id": "00d49a80-4814-4f39-82f4-2324cbd6e9eb",
            "end": "2023-11-08T08:59:00.000000",
            "id": "5c47caa3-d2dd-43a8-a18d-272412bf91a6",
            "name": "HCL POC 2 Morning Closed Hours",
            "rrule": "FREQ=WEEKLY;WKST=SU;BYDAY=MO,TU,WE,TH,FR",
            "start": "2023-11-08T00:00:00.000000"
          },
          "sensitive_attributes": []
        }
      ]
    },
    {
      "mode": "managed",
      "type": "genesyscloud_architect_schedules",
      "name": "Holiday-1",
      "provider": "provider[\"registry.terraform.io/mypurecloud/genesyscloud\"]",
      "instances": [
        {
          "schema_version": 1,
          "attributes_flat": {
            "description": "",
            "division_id": "d413f664-b1c4-472b-abe6-ab4634cae475",
            "end": "2024-02-19T00:00:00.000000",
            "id": "37637940-59fc-491e-9e60-176a06d92167",
            "name": "Holiday-1",
            "rrule": "",
            "start": "2024-02-18T00:00:00.000000"
          },
          "sensitive_attributes": []
        }
      ]
    },
    {
      "mode": "managed",
      "type": "genesyscloud_architect_schedules",
      "name": "Holiday-2",
      "provider": "provider[\"registry.terraform.io/mypurecloud/genesyscloud\"]",
      "instances": [
        {
          "schema_version": 1,
          "attributes_flat": {
            "description": "",
            "division_id": "d413f664-b1c4-472b-abe6-ab4634cae475",
            "end": "2024-03-25T00:00:00.000000",
            "id": "bea3eb60-82dd-44f1-a1d2-7d917a76147f",
            "name": "Holiday-2",
            "rrule": "",
            "start": "2024-03-24T00:00:00.000000"
          },
          "sensitive_attributes": []
        }
      ]
    },
    {
      "mode": "managed",
      "type": "genesyscloud_architect_schedules",
      "name": "Holiday1",
      "provider": "provider[\"registry.terraform.io/mypurecloud/genesyscloud\"]",
      "instances": [
        {
          "schema_version": 1,
          "attributes_flat": {
            "description": "",
            "division_id": "d413f664-b1c4-472b-abe6-ab4634cae475",
            "end": "2024-02-19T00:00:00.000000",
            "id": "9292c3d2-d7c2-4504-8dbc-c49bfe821504",
            "name": "Holiday1",
            "rrule": "",
            "start": "2024-02-18T00:00:00.000000"
          },
          "sensitive_attributes": []
        }
      ]
    },
    {
      "mode": "managed",
      "type": "genesyscloud_architect_schedules",
      "name": "Holiday2",
      "provider": "provider[\"registry.terraform.io/mypurecloud/genesyscloud\"]",
      "instances": [
        {
          "schema_version": 1,
          "attributes_flat": {
            "description": "",
            "division_id": "d413f664-b1c4-472b-abe6-ab4634cae475",
            "end": "2024-03-25T00:00:00.000000",
            "id": "bdfd31b3-d2cb-4101-8f9d-29ec8a2cfd17",
            "name": "Holiday2",
            "rrule": "",
            "start": "2024-03-24T00:00:00.000000"
          },
          "sensitive_attributes": []
        }
      ]
    },
    {
      "mode": "managed",
      "type": "genesyscloud_architect_schedules",
      "name": "Holiday_119_Test",
      "provider": "provider[\"registry.terraform.io/mypurecloud/genesyscloud\"]",
      "instances": [
        {
          "schema_version": 1,
          "attributes_flat": {
            "description": "",
            "division_id": "d413f664-b1c4-472b-abe6-ab4634cae475",
            "end": "2023-05-31T23:59:59.000000",
            "id": "a4bc98c3-54eb-430c-aabb-3c0511ec36ad",
            "name": "Holiday_119_Test",
            "rrule": "",
            "start": "2023-05-29T00:00:00.000000"
          },
          "sensitive_attributes": []
        }
      ]
    },
    {
      "mode": "managed",
      "type": "genesyscloud_architect_schedules",
      "name": "Holiday_Customer_support_Independence",
      "provider": "provider[\"registry.terraform.io/mypurecloud/genesyscloud\"]",
      "instances": [
        {
          "schema_version": 1,
          "attributes_flat": {
            "description": "",
            "division_id": "d413f664-b1c4-472b-abe6-ab4634cae475",
            "end": "2022-08-15T23:59:59.000000",
            "id": "007b5f31-c123-4470-9093-88fc73f4779d",
            "name": "Holiday Customer support Independence",
            "rrule": "FREQ=YEARLY;INTERVAL=1;BYMONTH=8;BYMONTHDAY=15",
            "start": "2022-08-15T00:00:00.000000"
          },
          "sensitive_attributes": []
        }
      ]
    },
    {
      "mode": "managed",
      "type": "genesyscloud_architect_schedules",
      "name": "Holiday_Testing",
      "provider": "provider[\"registry.terraform.io/mypurecloud/genesyscloud\"]",
      "instances": [
        {
          "schema_version": 1,
          "attributes_flat": {
            "description": "",
            "division_id": "d413f664-b1c4-472b-abe6-ab4634cae475",
            "end": "2022-03-01T23:59:59.000000",
            "id": "276a2c84-0dfe-4bae-9f8c-503b4ae9b07f",
            "name": "Holiday_Testing",
            "rrule": "FREQ=YEARLY;INTERVAL=1;BYMONTHDAY=1",
            "start": "2022-03-01T00:00:00.000000"
          },
          "sensitive_attributes": []
        }
      ]
    },
    {
      "mode": "managed",
      "type": "genesyscloud_architect_schedules",
      "name": "Holiday_test",
      "provider": "provider[\"registry.terraform.io/mypurecloud/genesyscloud\"]",
      "instances": [
        {
          "schema_version": 1,
          "attributes_flat": {
            "description": "",
            "division_id": "f41c73a1-ddad-4e84-9e12-96c922953676",
            "end": "2022-02-03T23:59:00.000000",
            "id": "96962003-4a51-4a9b-bf71-24ecf3f3be36",
            "name": "Holiday_test",
            "rrule": "",
            "start": "2022-02-03T00:00:00.000000"
          },
          "sensitive_attributes": []
        }
      ]
    },
    {
      "mode": "managed",
      "type": "genesyscloud_architect_schedules",
      "name": "Indian_New_year_01-01-2025",
      "provider": "provider[\"registry.terraform.io/mypurecloud/genesyscloud\"]",
      "instances": [
        {
          "schema_version": 1,
          "attributes_flat": {
            "description": "",
            "division_id": "d413f664-b1c4-472b-abe6-ab4634cae475",
            "end": "2025-01-01T17:00:00.000000",
            "id": "726f0580-d229-4e93-b59f-46aa98d93bb3",
            "name": "Indian New year 01-01-2025",
            "rrule": "",
            "start": "2025-01-01T09:00:00.000000"
          },
          "sensitive_attributes": []
        }
      ]
    },
    {
      "mode": "managed",
      "type": "genesyscloud_architect_schedules",
      "name": "LBG_AprilWorking",
      "provider": "provider[\"registry.terraform.io/mypurecloud/genesyscloud\"]",
      "instances": [
        {
          "schema_version": 1,
          "attributes_flat": {
            "description": "",
            "division_id": "d413f664-b1c4-472b-abe6-ab4634cae475",
            "end": "2027-04-05T17:00:00.000000",
            "id": "0506c54d-7889-417c-a032-79293f0616d7",
            "name": "LBG_AprilWorking",
            "rrule": "FREQ=YEARLY;BYMONTH=4;BYMONTHDAY=5;BYDAY=MO,TU,WE,TH,FR",
            "start": "2027-04-05T09:00:00.000000"
          },
          "sensitive_attributes": []
        }
      ]
    },
    {
      "mode": "managed",
      "type": "genesyscloud_architect_schedules",
      "name": "Madrid_Schedule_WeekDays",
      "provider": "provider[\"registry.terraform.io/mypurecloud/genesyscloud\"]",
      "instances": [
        {
          "schema_version": 1,
          "attributes_flat": {
            "description": "",
            "division_id": "d413f664-b1c4-472b-abe6-ab4634cae475",
            "end": "2024-11-18T17:00:00.000000",
            "id": "6ae33882-6273-49a0-ba15-6849c8e0b715",
            "name": "Madrid_Schedule_WeekDays",
            "rrule": "FREQ=WEEKLY;WKST=SU;BYDAY=MO,TU,WE,TH,FR",
            "start": "2024-11-18T09:00:00.000000"
          },
          "sensitive_attributes": []
        }
      ]
    },
    {
      "mode": "managed",
      "type": "genesyscloud_architect_schedules",
      "name": "Madrid_Schedule_WeekEnd",
      "provider": "provider[\"registry.terraform.io/mypurecloud/genesyscloud\"]",
      "instances": [
        {
          "schema_version": 1,
          "attributes_flat": {
            "description": "",
            "division_id": "d413f664-b1c4-472b-abe6-ab4634cae475",
            "end": "2024-11-17T16:00:00.000000",
            "id": "05fad37d-4d88-4c1e-b6ca-943941f7278e",
            "name": "Madrid_Schedule_WeekEnd",
            "rrule": "FREQ=WEEKLY;WKST=SU;BYDAY=SA,SU",
            "start": "2024-11-17T10:00:00.000000"
          },
          "sensitive_attributes": []
        }
      ]
    },
    {
      "mode": "managed",
      "type": "genesyscloud_architect_schedules",
      "name": "Monday_to_Friday_9Am_to_6PM_Kavi",
      "provider": "provider[\"registry.terraform.io/mypurecloud/genesyscloud\"]",
      "instances": [
        {
          "schema_version": 1,
          "attributes_flat": {
            "description": "",
            "division_id": "d413f664-b1c4-472b-abe6-ab4634cae475",
            "end": "2025-05-15T14:00:00.000000",
            "id": "a1aef7be-c330-4923-8a9f-92d2bb95cdf0",
            "name": "Monday to Friday 9Am to 6PM Kavi",
            "rrule": "FREQ=WEEKLY;WKST=SU;BYDAY=MO,TU,WE,TH,FR",
            "start": "2025-05-15T09:00:00.000000"
          },
          "sensitive_attributes": []
        }
      ]
    },
    {
      "mode": "managed",
      "type": "genesyscloud_architect_schedules",
      "name": "Naresh",
      "provider": "provider[\"registry.terraform.io/mypurecloud/genesyscloud\"]",
      "instances": [
        {
          "schema_version": 1,
          "attributes_flat": {
            "description": "",
            "division_id": "d413f664-b1c4-472b-abe6-ab4634cae475",
            "end": "2023-04-28T18:00:00.000000",
            "id": "4c489ab0-362d-4576-9a77-c85477a65cf4",
            "name": "Naresh",
            "rrule": "FREQ=WEEKLY;INTERVAL=1;BYDAY=MO,TU,WE,TH,FR",
            "start": "2023-04-28T08:00:00.000000"
          },
          "sensitive_attributes": []
        }
      ]
    },
    {
      "mode": "managed",
      "type": "genesyscloud_architect_schedules",
      "name": "National_Holidays",
      "provider": "provider[\"registry.terraform.io/mypurecloud/genesyscloud\"]",
      "instances": [
        {
          "schema_version": 1,
          "attributes_flat": {
            "description": "",
            "division_id": "d413f664-b1c4-472b-abe6-ab4634cae475",
            "end": "2026-01-27T00:00:00.000000",
            "id": "8b63eaaa-c9c4-4899-8dfd-7ca2e6c53e2e",
            "name": "National Holidays",
            "rrule": "FREQ=YEARLY;BYMONTH=1;BYMONTHDAY=26",
            "start": "2026-01-26T00:00:00.000000"
          },
          "sensitive_attributes": []
        }
      ]
    },
    {
      "mode": "managed",
      "type": "genesyscloud_architect_schedules",
      "name": "NonWorkingHrs1_FTest22",
      "provider": "provider[\"registry.terraform.io/mypurecloud/genesyscloud\"]",
      "instances": [
        {
          "schema_version": 1,
          "attributes_flat": {
            "description": "",
            "division_id": "d413f664-b1c4-472b-abe6-ab4634cae475",
            "end": "2024-07-05T09:00:00.000000",
            "id": "2f614bab-c2e3-49b6-99d4-ed107e41c448",
            "name": "NonWorkingHrs1_FTest22",
            "rrule": "FREQ=DAILY",
            "start": "2024-07-05T00:00:00.000000"
          },
          "sensitive_attributes": []
        }
      ]
    },
    {
      "mode": "managed",
      "type": "genesyscloud_architect_schedules",
      "name": "NonWorkingHrs2_Ftest22",
      "provider": "provider[\"registry.terraform.io/mypurecloud/genesyscloud\"]",
      "instances": [
        {
          "schema_version": 1,
          "attributes_flat": {
            "description": "",
            "division_id": "d413f664-b1c4-472b-abe6-ab4634cae475",
            "end": "2024-07-05T23:59:00.000000",
            "id": "faa3b123-a0ce-4564-923c-d3fe0d402ab2",
            "name": "NonWorkingHrs2_Ftest22",
            "rrule": "FREQ=DAILY",
            "start": "2024-07-05T19:00:00.000000"
          },
          "sensitive_attributes": []
        }
      ]
    },
    {
      "mode": "managed",
      "type": "genesyscloud_architect_schedules",
      "name": "Open-1",
      "provider": "provider[\"registry.terraform.io/mypurecloud/genesyscloud\"]",
      "instances": [
        {
          "schema_version": 1,
          "attributes_flat": {
            "description": "",
            "division_id": "d413f664-b1c4-472b-abe6-ab4634cae475",
            "end": "2024-02-19T17:00:00.000000",
            "id": "16e4bead-e685-42f3-98b3-36affc5ccf3f",
            "name": "Open-1",
            "rrule": "FREQ=WEEKLY;WKST=SU;BYDAY=MO,TU,WE,TH,FR",
            "start": "2024-02-19T09:00:00.000000"
          },
          "sensitive_attributes": []
        }
      ]
    },
    {
      "mode": "managed",
      "type": "genesyscloud_architect_schedules",
      "name": "OpenHours_Test",
      "provider": "provider[\"registry.terraform.io/mypurecloud/genesyscloud\"]",
      "instances": [
        {
          "schema_version": 1,
          "attributes_flat": {
            "description": "",
            "division_id": "d413f664-b1c4-472b-abe6-ab4634cae475",
            "end": "2022-12-28T23:59:59.000000",
            "id": "3cec2835-2294-4d30-84f6-e83fded08063",
            "name": "OpenHours_Test",
            "rrule": "FREQ=WEEKLY;INTERVAL=1;BYDAY=MO,TU,WE,TH,FR,SA,SU",
            "start": "2022-12-28T00:00:00.000000"
          },
          "sensitive_attributes": []
        }
      ]
    },
    {
      "mode": "managed",
      "type": "genesyscloud_architect_schedules",
      "name": "Open_9AM_to_6PMIST_Weekly",
      "provider": "provider[\"registry.terraform.io/mypurecloud/genesyscloud\"]",
      "instances": [
        {
          "schema_version": 1,
          "attributes_flat": {
            "description": "",
            "division_id": "d413f664-b1c4-472b-abe6-ab4634cae475",
            "end": "2022-02-02T18:00:00.000000",
            "id": "019942be-b373-4442-bbe1-1d8f93fd00af",
            "name": "Open_9AM_to_6PMIST_Weekly",
            "rrule": "FREQ=WEEKLY;INTERVAL=1;BYDAY=MO,TU,WE,TH,FR",
            "start": "2022-02-02T09:00:00.000000"
          },
          "sensitive_attributes": []
        }
      ]
    },
    {
      "mode": "managed",
      "type": "genesyscloud_architect_schedules",
      "name": "Openhours_Demo_NOC",
      "provider": "provider[\"registry.terraform.io/mypurecloud/genesyscloud\"]",
      "instances": [
        {
          "schema_version": 1,
          "attributes_flat": {
            "description": "",
            "division_id": "d413f664-b1c4-472b-abe6-ab4634cae475",
            "end": "2025-03-19T17:00:00.000000",
            "id": "6f1d6cf1-3bbc-47c4-9b7d-91bbca077bde",
            "name": "Openhours_Demo_NOC",
            "rrule": "FREQ=DAILY",
            "start": "2025-03-19T09:00:00.000000"
          },
          "sensitive_attributes": []
        }
      ]
    },
    {
      "mode": "managed",
      "type": "genesyscloud_architect_schedules",
      "name": "Opening_Hours",
      "provider": "provider[\"registry.terraform.io/mypurecloud/genesyscloud\"]",
      "instances": [
        {
          "schema_version": 1,
          "attributes_flat": {
            "description": "",
            "division_id": "d413f664-b1c4-472b-abe6-ab4634cae475",
            "end": "2024-04-02T17:00:00.000000",
            "id": "65db2bdd-18f9-46b2-8072-2a65d3c69e61",
            "name": "Opening Hours",
            "rrule": "FREQ=WEEKLY;WKST=SU;BYDAY=MO,TU,WE,TH,FR",
            "start": "2024-04-02T04:00:00.000000"
          },
          "sensitive_attributes": []
        }
      ]
    },
    {
      "mode": "managed",
      "type": "genesyscloud_architect_schedules",
      "name": "Opening_Hours_TCL",
      "provider": "provider[\"registry.terraform.io/mypurecloud/genesyscloud\"]",
      "instances": [
        {
          "schema_version": 1,
          "attributes_flat": {
            "description": "",
            "division_id": "d413f664-b1c4-472b-abe6-ab4634cae475",
            "end": "2024-05-02T17:00:00.000000",
            "id": "b8af3ba7-9275-4d1a-9ad0-a365957279d1",
            "name": "Opening Hours TCL",
            "rrule": "FREQ=WEEKLY;WKST=SU;BYDAY=MO,TU,WE,TH,FR",
            "start": "2024-05-02T04:00:00.000000"
          },
          "sensitive_attributes": []
        }
      ]
    },
    {
      "mode": "managed",
      "type": "genesyscloud_architect_schedules",
      "name": "Opening_schedule_9_AM_to_5_PM",
      "provider": "provider[\"registry.terraform.io/mypurecloud/genesyscloud\"]",
      "instances": [
        {
          "schema_version": 1,
          "attributes_flat": {
            "description": "",
            "division_id": "d413f664-b1c4-472b-abe6-ab4634cae475",
            "end": "2024-09-30T17:00:00.000000",
            "id": "32411153-0c10-4503-afaa-7973cee95aba",
            "name": "Opening schedule 9 AM to 5 PM",
            "rrule": "FREQ=WEEKLY;WKST=SU;BYDAY=MO,TU,WE,TH,FR",
            "start": "2024-09-30T09:00:00.000000"
          },
          "sensitive_attributes": []
        }
      ]
    },
    {
      "mode": "managed",
      "type": "genesyscloud_architect_schedules",
      "name": "Quorum_Work_Queue_Schedule",
      "provider": "provider[\"registry.terraform.io/mypurecloud/genesyscloud\"]",
      "instances": [
        {
          "schema_version": 1,
          "attributes_flat": {
            "description": "",
            "division_id": "28a1037d-6ff0-4e97-8f9d-64ac57285843",
            "end": "2022-06-16T17:00:00.000000",
            "id": "d8a8264b-67d0-42e7-9dbc-2e7a85b3b1da",
            "name": "Quorum Work Queue Schedule",
            "rrule": "",
            "start": "2022-06-16T09:00:00.000000"
          },
          "sensitive_attributes": []
        }
      ]
    },
    {
      "mode": "managed",
      "type": "genesyscloud_architect_schedules",
      "name": "RPAHoliday",
      "provider": "provider[\"registry.terraform.io/mypurecloud/genesyscloud\"]",
      "instances": [
        {
          "schema_version": 1,
          "attributes_flat": {
            "description": "",
            "division_id": "d413f664-b1c4-472b-abe6-ab4634cae475",
            "end": "2024-01-06T00:00:00.000000",
            "id": "4b13f443-136d-414f-8543-a83bb41ff702",
            "name": "RPAHoliday",
            "rrule": "FREQ=YEARLY;BYMONTH=1;BYDAY=TH",
            "start": "2024-01-04T00:00:00.000000"
          },
          "sensitive_attributes": []
        }
      ]
    },
    {
      "mode": "managed",
      "type": "genesyscloud_architect_schedules",
      "name": "Ritesh-Holiday",
      "provider": "provider[\"registry.terraform.io/mypurecloud/genesyscloud\"]",
      "instances": [
        {
          "schema_version": 1,
          "attributes_flat": {
            "description": "",
            "division_id": "d413f664-b1c4-472b-abe6-ab4634cae475",
            "end": "2025-06-30T21:00:00.000000",
            "id": "751789a0-a4fb-4b14-b37b-4575e3af788e",
            "name": "Ritesh-Holiday",
            "rrule": "FREQ=YEARLY;BYMONTH=5;BYMONTHDAY=5;BYDAY=MO,TU,WE,TH,FR",
            "start": "2025-05-05T09:00:00.000000"
          },
          "sensitive_attributes": []
        }
      ]
    },
    {
      "mode": "managed",
      "type": "genesyscloud_architect_schedules",
      "name": "Ritesh-S-S-Open",
      "provider": "provider[\"registry.terraform.io/mypurecloud/genesyscloud\"]",
      "instances": [
        {
          "schema_version": 1,
          "attributes_flat": {
            "description": "",
            "division_id": "d413f664-b1c4-472b-abe6-ab4634cae475",
            "end": "2024-08-10T20:00:00.000000",
            "id": "35e7bf70-87ae-494f-8d70-440efffd5ffd",
            "name": "Ritesh-S-S-Open",
            "rrule": "FREQ=WEEKLY;WKST=SU;BYDAY=SA,SU",
            "start": "2024-08-10T09:00:00.000000"
          },
          "sensitive_attributes": []
        }
      ]
    },
    {
      "mode": "managed",
      "type": "genesyscloud_architect_schedules",
      "name": "Ritesh_Closed",
      "provider": "provider[\"registry.terraform.io/mypurecloud/genesyscloud\"]",
      "instances": [
        {
          "schema_version": 1,
          "attributes_flat": {
            "description": "",
            "division_id": "d413f664-b1c4-472b-abe6-ab4634cae475",
            "end": "2025-03-20T00:00:00.000000",
            "id": "e6a4de9b-90d4-4cc8-bb6f-728fb9e141a2",
            "name": "Ritesh_Closed",
            "rrule": "FREQ=WEEKLY;WKST=SU;BYDAY=MO,TU,WE,TH,FR,SA,SU",
            "start": "2025-03-19T00:00:00.000000"
          },
          "sensitive_attributes": []
        }
      ]
    },
    {
      "mode": "managed",
      "type": "genesyscloud_architect_schedules",
      "name": "Ritesh_M-F_Open",
      "provider": "provider[\"registry.terraform.io/mypurecloud/genesyscloud\"]",
      "instances": [
        {
          "schema_version": 1,
          "attributes_flat": {
            "description": "",
            "division_id": "d413f664-b1c4-472b-abe6-ab4634cae475",
            "end": "2024-08-09T20:00:00.000000",
            "id": "bc6a5ede-5c86-4b31-aa55-dcae8950bfa1",
            "name": "Ritesh_M-F_Open",
            "rrule": "FREQ=WEEKLY;WKST=SU;BYDAY=MO,TU,WE,TH,FR",
            "start": "2024-08-09T09:00:00.000000"
          },
          "sensitive_attributes": []
        }
      ]
    },
    {
      "mode": "managed",
      "type": "genesyscloud_architect_schedules",
      "name": "Sample_Closed_Hour",
      "provider": "provider[\"registry.terraform.io/mypurecloud/genesyscloud\"]",
      "instances": [
        {
          "schema_version": 1,
          "attributes_flat": {
            "description": "",
            "division_id": "d413f664-b1c4-472b-abe6-ab4634cae475",
            "end": "2023-04-05T23:59:59.000000",
            "id": "c199f348-ade4-4e6e-be91-48413ebfb479",
            "name": "Sample_Closed_Hour",
            "rrule": "",
            "start": "2023-04-05T00:00:00.000000"
          },
          "sensitive_attributes": []
        }
      ]
    },
    {
      "mode": "managed",
      "type": "genesyscloud_architect_schedules",
      "name": "Sample_Holiday",
      "provider": "provider[\"registry.terraform.io/mypurecloud/genesyscloud\"]",
      "instances": [
        {
          "schema_version": 1,
          "attributes_flat": {
            "description": "",
            "division_id": "d413f664-b1c4-472b-abe6-ab4634cae475",
            "end": "2022-12-19T23:59:59.000000",
            "id": "4d9cf310-1214-44bb-ae01-2f369f52790e",
            "name": "Sample_Holiday",
            "rrule": "",
            "start": "2022-12-19T00:00:00.000000"
          },
          "sensitive_attributes": []
        }
      ]
    },
    {
      "mode": "managed",
      "type": "genesyscloud_architect_schedules",
      "name": "Sample_Holiday_SpecialMessage",
      "provider": "provider[\"registry.terraform.io/mypurecloud/genesyscloud\"]",
      "instances": [
        {
          "schema_version": 1,
          "attributes_flat": {
            "description": "",
            "division_id": "d413f664-b1c4-472b-abe6-ab4634cae475",
            "end": "2023-08-05T23:59:59.000000",
            "id": "7efa4bab-cb24-4e06-8db6-4e69bee639a0",
            "name": "Sample_Holiday_SpecialMessage",
            "rrule": "",
            "start": "2023-08-05T00:00:00.000000"
          },
          "sensitive_attributes": []
        }
      ]
    },
    {
      "mode": "managed",
      "type": "genesyscloud_architect_schedules",
      "name": "Sample_Open_Hour",
      "provider": "provider[\"registry.terraform.io/mypurecloud/genesyscloud\"]",
      "instances": [
        {
          "schema_version": 1,
          "attributes_flat": {
            "description": "",
            "division_id": "d413f664-b1c4-472b-abe6-ab4634cae475",
            "end": "2023-06-24T00:00:00.000000",
            "id": "993dcfce-72ad-4bce-8a0c-1fca80db4378",
            "name": "Sample_Open Hour",
            "rrule": "FREQ=WEEKLY;BYDAY=MO,TU,WE,TH,FR,SA,SU",
            "start": "2023-06-23T00:00:00.000000"
          },
          "sensitive_attributes": []
        }
      ]
    },
    {
      "mode": "managed",
      "type": "genesyscloud_architect_schedules",
      "name": "Sample_Openhour_26thJuly",
      "provider": "provider[\"registry.terraform.io/mypurecloud/genesyscloud\"]",
      "instances": [
        {
          "schema_version": 1,
          "attributes_flat": {
            "description": "",
            "division_id": "d413f664-b1c4-472b-abe6-ab4634cae475",
            "end": "2023-07-26T15:00:00.000000",
            "id": "49003780-b0af-4ec6-b3de-e8875ee93ad8",
            "name": "Sample_Openhour_26thJuly",
            "rrule": "",
            "start": "2023-07-26T09:00:00.000000"
          },
          "sensitive_attributes": []
        }
      ]
    },
    {
      "mode": "managed",
      "type": "genesyscloud_architect_schedules",
      "name": "Sample_closed-10AM_-8_PM",
      "provider": "provider[\"registry.terraform.io/mypurecloud/genesyscloud\"]",
      "instances": [
        {
          "schema_version": 1,
          "attributes_flat": {
            "description": "",
            "division_id": "d413f664-b1c4-472b-abe6-ab4634cae475",
            "end": "2023-07-26T20:00:00.000000",
            "id": "67ba9f23-59d1-4934-9b3b-2c9a55459ef4",
            "name": "Sample_closed-10AM -8 PM",
            "rrule": "",
            "start": "2023-07-26T10:00:00.000000"
          },
          "sensitive_attributes": []
        }
      ]
    },
    {
      "mode": "managed",
      "type": "genesyscloud_architect_schedules",
      "name": "Santiago_Holiday",
      "provider": "provider[\"registry.terraform.io/mypurecloud/genesyscloud\"]",
      "instances": [
        {
          "schema_version": 1,
          "attributes_flat": {
            "description": "",
            "division_id": "d413f664-b1c4-472b-abe6-ab4634cae475",
            "end": "2025-01-07T17:00:00.000000",
            "id": "14ffb67f-3b22-4097-bd72-525f9c48a649",
            "name": "Santiago_Holiday",
            "rrule": "",
            "start": "2025-01-07T09:00:00.000000"
          },
          "sensitive_attributes": []
        }
      ]
    },
    {
      "mode": "managed",
      "type": "genesyscloud_architect_schedules",
      "name": "Santiago_Schedule_OpenHours",
      "provider": "provider[\"registry.terraform.io/mypurecloud/genesyscloud\"]",
      "instances": [
        {
          "schema_version": 1,
          "attributes_flat": {
            "description": "",
            "division_id": "d413f664-b1c4-472b-abe6-ab4634cae475",
            "end": "2025-01-06T17:00:00.000000",
            "id": "a4d661a4-d9eb-4871-acd3-da59af6cbad1",
            "name": "Santiago_Schedule_OpenHours",
            "rrule": "FREQ=WEEKLY;BYDAY=MO,TU,WE,TH,FR",
            "start": "2025-01-06T09:00:00.000000"
          },
          "sensitive_attributes": []
        }
      ]
    },
    {
      "mode": "managed",
      "type": "genesyscloud_architect_schedules",
      "name": "Sat_Sun",
      "provider": "provider[\"registry.terraform.io/mypurecloud/genesyscloud\"]",
      "instances": [
        {
          "schema_version": 1,
          "attributes_flat": {
            "description": "",
            "division_id": "d413f664-b1c4-472b-abe6-ab4634cae475",
            "end": "2025-06-01T00:00:00.000000",
            "id": "9568910a-2edf-4237-9252-6ceafdb883b2",
            "name": "Sat_Sun",
            "rrule": "FREQ=YEARLY;UNTIL=20250531T235959Z;BYMONTH=4;BYDAY=SA,SU",
            "start": "2025-04-05T00:00:00.000000"
          },
          "sensitive_attributes": []
        }
      ]
    },
    {
      "mode": "managed",
      "type": "genesyscloud_architect_schedules",
      "name": "Second_close_6_AM_to_11_PM",
      "provider": "provider[\"registry.terraform.io/mypurecloud/genesyscloud\"]",
      "instances": [
        {
          "schema_version": 1,
          "attributes_flat": {
            "description": "",
            "division_id": "d413f664-b1c4-472b-abe6-ab4634cae475",
            "end": "2024-09-30T23:00:00.000000",
            "id": "9b8b839e-3122-47cb-9577-9dd16ea91d2f",
            "name": "Second close 6 AM to 11 PM",
            "rrule": "FREQ=WEEKLY;BYDAY=MO,TU,WE,TH,FR",
            "start": "2024-09-30T17:00:00.000000"
          },
          "sensitive_attributes": []
        }
      ]
    },
    {
      "mode": "managed",
      "type": "genesyscloud_architect_schedules",
      "name": "Siemens_close_window_08_Dec_to_31st_Dec",
      "provider": "provider[\"registry.terraform.io/mypurecloud/genesyscloud\"]",
      "instances": [
        {
          "schema_version": 1,
          "attributes_flat": {
            "description": "",
            "division_id": "d413f664-b1c4-472b-abe6-ab4634cae475",
            "end": "2024-01-01T00:00:00.000000",
            "id": "aab4512d-27fe-451d-9a5e-10414ad95d0c",
            "name": "Siemens close window 08 Dec to 31st Dec",
            "rrule": "",
            "start": "2023-12-08T00:00:00.000000"
          },
          "sensitive_attributes": []
        }
      ]
    },
    {
      "mode": "managed",
      "type": "genesyscloud_architect_schedules",
      "name": "Space_Abrar_Holiday",
      "provider": "provider[\"registry.terraform.io/mypurecloud/genesyscloud\"]",
      "instances": [
        {
          "schema_version": 1,
          "attributes_flat": {
            "description": "",
            "division_id": "d413f664-b1c4-472b-abe6-ab4634cae475",
            "end": "2023-09-04T23:59:59.000000",
            "id": "c0c94f26-173f-447b-a837-79f2d5eb6cb5",
            "name": "Space_Abrar_Holiday",
            "rrule": "",
            "start": "2023-09-04T00:00:00.000000"
          },
          "sensitive_attributes": []
        }
      ]
    },
    {
      "mode": "managed",
      "type": "genesyscloud_architect_schedules",
      "name": "Space_Abrar_Open",
      "provider": "provider[\"registry.terraform.io/mypurecloud/genesyscloud\"]",
      "instances": [
        {
          "schema_version": 1,
          "attributes_flat": {
            "description": "",
            "division_id": "d413f664-b1c4-472b-abe6-ab4634cae475",
            "end": "2023-09-09T01:02:00.000000",
            "id": "f1e37882-666e-45a5-a877-073306fda995",
            "name": "Space_Abrar_Open",
            "rrule": "FREQ=WEEKLY;INTERVAL=1;BYDAY=SA",
            "start": "2023-09-09T00:58:00.000000"
          },
          "sensitive_attributes": []
        }
      ]
    },
    {
      "mode": "managed",
      "type": "genesyscloud_architect_schedules",
      "name": "Sterl_Holday-Christmas_Eve_25th_Dec",
      "provider": "provider[\"registry.terraform.io/mypurecloud/genesyscloud\"]",
      "instances": [
        {
          "schema_version": 1,
          "attributes_flat": {
            "description": "",
            "division_id": "d413f664-b1c4-472b-abe6-ab4634cae475",
            "end": "2022-12-25T23:59:59.000000",
            "id": "56ba21cb-426b-4bf4-8c5d-3af9018eedf4",
            "name": "Sterl_Holday-Christmas Eve_25th Dec",
            "rrule": "FREQ=YEARLY;INTERVAL=1;BYMONTH=12;BYMONTHDAY=25",
            "start": "2022-12-25T00:00:00.000000"
          },
          "sensitive_attributes": []
        }
      ]
    },
    {
      "mode": "managed",
      "type": "genesyscloud_architect_schedules",
      "name": "Sterl_NewYear_Holiday-_Jan_1st",
      "provider": "provider[\"registry.terraform.io/mypurecloud/genesyscloud\"]",
      "instances": [
        {
          "schema_version": 1,
          "attributes_flat": {
            "description": "",
            "division_id": "d413f664-b1c4-472b-abe6-ab4634cae475",
            "end": "2023-01-01T23:59:59.000000",
            "id": "a95c4bec-bebb-4451-a471-f3843c356160",
            "name": "Sterl_NewYear Holiday- Jan 1st",
            "rrule": "FREQ=YEARLY;INTERVAL=1;BYMONTH=1;BYMONTHDAY=1",
            "start": "2023-01-01T00:00:00.000000"
          },
          "sensitive_attributes": []
        }
      ]
    },
    {
      "mode": "managed",
      "type": "genesyscloud_architect_schedules",
      "name": "Sterl_Open_Hours",
      "provider": "provider[\"registry.terraform.io/mypurecloud/genesyscloud\"]",
      "instances": [
        {
          "schema_version": 1,
          "attributes_flat": {
            "description": "",
            "division_id": "d413f664-b1c4-472b-abe6-ab4634cae475",
            "end": "2022-03-02T23:59:59.000000",
            "id": "aac21bc7-c2f9-4a58-ae19-a32fe0591d73",
            "name": "Sterl_Open Hours",
            "rrule": "FREQ=WEEKLY;INTERVAL=1;BYDAY=MO,TU,WE,TH,FR,SA,SU",
            "start": "2022-03-02T00:00:00.000000"
          },
          "sensitive_attributes": []
        }
      ]
    },
    {
      "mode": "managed",
      "type": "genesyscloud_architect_schedules",
      "name": "TamilNadu_pongal_Festival_14th_jan_to_19th_Jan_2025",
      "provider": "provider[\"registry.terraform.io/mypurecloud/genesyscloud\"]",
      "instances": [
        {
          "schema_version": 1,
          "attributes_flat": {
            "description": "",
            "division_id": "d413f664-b1c4-472b-abe6-ab4634cae475",
            "end": "2025-01-20T00:00:00.000000",
            "id": "2bdf3fdc-a683-48f8-92c9-c5cc4c4648f7",
            "name": "TamilNadu pongal Festival 14th jan to 19th Jan 2025",
            "rrule": "",
            "start": "2025-01-14T00:00:00.000000"
          },
          "sensitive_attributes": []
        }
      ]
    },
    {
      "mode": "managed",
      "type": "genesyscloud_architect_schedules",
      "name": "Test200123",
      "provider": "provider[\"registry.terraform.io/mypurecloud/genesyscloud\"]",
      "instances": [
        {
          "schema_version": 1,
          "attributes_flat": {
            "description": "",
            "division_id": "d413f664-b1c4-472b-abe6-ab4634cae475",
            "end": "2023-01-23T18:00:00.000000",
            "id": "5f7c1efd-be14-4605-a546-090f5380f19e",
            "name": "Test200123",
            "rrule": "",
            "start": "2023-01-23T10:00:00.000000"
          },
          "sensitive_attributes": []
        }
      ]
    },
    {
      "mode": "managed",
      "type": "genesyscloud_architect_schedules",
      "name": "TestOpen",
      "provider": "provider[\"registry.terraform.io/mypurecloud/genesyscloud\"]",
      "instances": [
        {
          "schema_version": 1,
          "attributes_flat": {
            "description": "",
            "division_id": "d413f664-b1c4-472b-abe6-ab4634cae475",
            "end": "2024-06-24T17:00:00.000000",
            "id": "39637501-79ac-44df-a016-241cc1bab312",
            "name": "TestOpen",
            "rrule": "FREQ=WEEKLY;WKST=SU;BYDAY=MO,TU,WE,TH,FR",
            "start": "2024-06-24T09:00:00.000000"
          },
          "sensitive_attributes": []
        }
      ]
    },
    {
      "mode": "managed",
      "type": "genesyscloud_architect_schedules",
      "name": "TestSchedule_API",
      "provider": "provider[\"registry.terraform.io/mypurecloud/genesyscloud\"]",
      "instances": [
        {
          "schema_version": 1,
          "attributes_flat": {
            "description": "Test API",
            "division_id": "d413f664-b1c4-472b-abe6-ab4634cae475",
            "end": "2025-01-31T00:00:00.000000",
            "id": "295c8d0f-9640-44b7-a481-14d3dab68a53",
            "name": "TestSchedule_API",
            "rrule": "",
            "start": "2025-01-07T00:00:00.000000"
          },
          "sensitive_attributes": []
        }
      ]
    },
    {
      "mode": "managed",
      "type": "genesyscloud_architect_schedules",
      "name": "Test_119_Holiday",
      "provider": "provider[\"registry.terraform.io/mypurecloud/genesyscloud\"]",
      "instances": [
        {
          "schema_version": 1,
          "attributes_flat": {
            "description": "",
            "division_id": "d413f664-b1c4-472b-abe6-ab4634cae475",
            "end": "2023-05-31T23:59:59.000000",
            "id": "ef3328a9-f7f9-464b-b678-ee76520e6630",
            "name": "Test_119_Holiday",
            "rrule": "",
            "start": "2023-05-29T00:00:00.000000"
          },
          "sensitive_attributes": []
        }
      ]
    },
    {
      "mode": "managed",
      "type": "genesyscloud_architect_schedules",
      "name": "Test_119_Schedule",
      "provider": "provider[\"registry.terraform.io/mypurecloud/genesyscloud\"]",
      "instances": [
        {
          "schema_version": 1,
          "attributes_flat": {
            "description": "",
            "division_id": "d413f664-b1c4-472b-abe6-ab4634cae475",
            "end": "2023-05-30T21:30:00.000000",
            "id": "c712c2c2-07c3-43dd-b1dc-adaa8a58d0af",
            "name": "Test_119 Schedule",
            "rrule": "FREQ=WEEKLY;INTERVAL=1;BYDAY=MO,TU,WE,TH,FR",
            "start": "2023-05-30T08:00:00.000000"
          },
          "sensitive_attributes": []
        }
      ]
    },
    {
      "mode": "managed",
      "type": "genesyscloud_architect_schedules",
      "name": "Test_Close_Dell",
      "provider": "provider[\"registry.terraform.io/mypurecloud/genesyscloud\"]",
      "instances": [
        {
          "schema_version": 1,
          "attributes_flat": {
            "description": "",
            "division_id": "d413f664-b1c4-472b-abe6-ab4634cae475",
            "end": "2025-01-27T07:58:00.000000",
            "id": "89c53bd2-a578-4d8c-a35f-78b821d86054",
            "name": "Test_Close_Dell",
            "rrule": "FREQ=WEEKLY;BYDAY=MO,TU,WE,TH,FR",
            "start": "2025-01-27T00:00:00.000000"
          },
          "sensitive_attributes": []
        }
      ]
    },
    {
      "mode": "managed",
      "type": "genesyscloud_architect_schedules",
      "name": "Test_Closed",
      "provider": "provider[\"registry.terraform.io/mypurecloud/genesyscloud\"]",
      "instances": [
        {
          "schema_version": 1,
          "attributes_flat": {
            "description": "",
            "division_id": "d413f664-b1c4-472b-abe6-ab4634cae475",
            "end": "2024-06-25T08:59:00.000000",
            "id": "6e3dc9a9-0cc7-4fdc-a0e9-03ba4b5a8eff",
            "name": "Test Closed",
            "rrule": "FREQ=WEEKLY;WKST=SU;BYDAY=MO,TU,WE,TH,FR",
            "start": "2024-06-24T18:01:00.000000"
          },
          "sensitive_attributes": []
        }
      ]
    },
    {
      "mode": "managed",
      "type": "genesyscloud_architect_schedules",
      "name": "Test_Delivery_Hours_of_Operation_Holiday",
      "provider": "provider[\"registry.terraform.io/mypurecloud/genesyscloud\"]",
      "instances": [
        {
          "schema_version": 1,
          "attributes_flat": {
            "description": "",
            "division_id": "d413f664-b1c4-472b-abe6-ab4634cae475",
            "end": "2022-12-09T17:00:00.000000",
            "id": "8cf6933a-3d71-4769-8e2d-69861b4ec6da",
            "name": "Test_Delivery_Hours of Operation_Holiday",
            "rrule": "",
            "start": "2022-12-09T13:57:00.000000"
          },
          "sensitive_attributes": []
        }
      ]
    },
    {
      "mode": "managed",
      "type": "genesyscloud_architect_schedules",
      "name": "Test_Delivery_Hours_of_Operation_Holiday_Test",
      "provider": "provider[\"registry.terraform.io/mypurecloud/genesyscloud\"]",
      "instances": [
        {
          "schema_version": 1,
          "attributes_flat": {
            "description": "",
            "division_id": "d413f664-b1c4-472b-abe6-ab4634cae475",
            "end": "2022-12-09T15:00:00.000000",
            "id": "63404e88-4626-4435-b20b-e05bd36ac1ab",
            "name": "Test_Delivery_Hours of Operation_Holiday_Test",
            "rrule": "",
            "start": "2022-12-09T13:11:00.000000"
          },
          "sensitive_attributes": []
        }
      ]
    },
    {
      "mode": "managed",
      "type": "genesyscloud_architect_schedules",
      "name": "Test_Delivery_Hours_of_Operation_Z",
      "provider": "provider[\"registry.terraform.io/mypurecloud/genesyscloud\"]",
      "instances": [
        {
          "schema_version": 1,
          "attributes_flat": {
            "description": "",
            "division_id": "d413f664-b1c4-472b-abe6-ab4634cae475",
            "end": "2022-12-10T13:00:00.000000",
            "id": "11b23cd6-2c8e-44f2-9ea6-e6fb81cc9ccc",
            "name": "Test_Delivery_Hours of Operation_Z",
            "rrule": "FREQ=WEEKLY;INTERVAL=1;BYDAY=MO,TU,WE,TH,FR,SA,SU",
            "start": "2022-12-10T09:00:00.000000"
          },
          "sensitive_attributes": []
        }
      ]
    },
    {
      "mode": "managed",
      "type": "genesyscloud_architect_schedules",
      "name": "Test_Holiday",
      "provider": "provider[\"registry.terraform.io/mypurecloud/genesyscloud\"]",
      "instances": [
        {
          "schema_version": 1,
          "attributes_flat": {
            "description": "",
            "division_id": "d413f664-b1c4-472b-abe6-ab4634cae475",
            "end": "2024-06-30T00:00:00.000000",
            "id": "cc3b3a93-e449-404c-9b58-8e0f8e873851",
            "name": "Test Holiday",
            "rrule": "FREQ=WEEKLY;WKST=SU;BYDAY=SA,SU",
            "start": "2024-06-29T00:00:00.000000"
          },
          "sensitive_attributes": []
        }
      ]
    },
    {
      "mode": "managed",
      "type": "genesyscloud_architect_schedules",
      "name": "Test_Holiday_Dell",
      "provider": "provider[\"registry.terraform.io/mypurecloud/genesyscloud\"]",
      "instances": [
        {
          "schema_version": 1,
          "attributes_flat": {
            "description": "",
            "division_id": "d413f664-b1c4-472b-abe6-ab4634cae475",
            "end": "2025-02-02T00:00:00.000000",
            "id": "2413f23d-c24b-46ec-990c-55af700c0f01",
            "name": "Test_Holiday_Dell",
            "rrule": "FREQ=WEEKLY;BYDAY=SA",
            "start": "2025-02-01T00:00:00.000000"
          },
          "sensitive_attributes": []
        }
      ]
    },
    {
      "mode": "managed",
      "type": "genesyscloud_architect_schedules",
      "name": "Test_Open_Dell",
      "provider": "provider[\"registry.terraform.io/mypurecloud/genesyscloud\"]",
      "instances": [
        {
          "schema_version": 1,
          "attributes_flat": {
            "description": "",
            "division_id": "d413f664-b1c4-472b-abe6-ab4634cae475",
            "end": "2025-01-27T18:00:00.000000",
            "id": "10414eb1-8eb4-45a4-a0ef-d17405a64d19",
            "name": "Test_Open_Dell",
            "rrule": "FREQ=WEEKLY;BYDAY=MO,TU,WE,TH,FR",
            "start": "2025-01-27T08:00:00.000000"
          },
          "sensitive_attributes": []
        }
      ]
    },
    {
      "mode": "managed",
      "type": "genesyscloud_architect_schedules",
      "name": "Test_RPA_API",
      "provider": "provider[\"registry.terraform.io/mypurecloud/genesyscloud\"]",
      "instances": [
        {
          "schema_version": 1,
          "attributes_flat": {
            "description": "",
            "division_id": "d413f664-b1c4-472b-abe6-ab4634cae475",
            "end": "2025-01-31T00:00:00.000000",
            "id": "06b9cbb4-cf0e-49bd-961c-28f48b197c7f",
            "name": "Test RPA API",
            "rrule": "",
            "start": "2024-12-19T00:00:00.000000"
          },
          "sensitive_attributes": []
        }
      ]
    },
    {
      "mode": "managed",
      "type": "genesyscloud_architect_schedules",
      "name": "Test__Close_1",
      "provider": "provider[\"registry.terraform.io/mypurecloud/genesyscloud\"]",
      "instances": [
        {
          "schema_version": 1,
          "attributes_flat": {
            "description": "",
            "division_id": "d413f664-b1c4-472b-abe6-ab4634cae475",
            "end": "2025-01-27T23:59:00.000000",
            "id": "86fc64e5-fa52-4354-8a68-db91f3cf12f2",
            "name": "Test _Close 1",
            "rrule": "FREQ=WEEKLY;WKST=SU;BYDAY=MO,FR",
            "start": "2025-01-27T18:01:00.000000"
          },
          "sensitive_attributes": []
        }
      ]
    },
    {
      "mode": "managed",
      "type": "genesyscloud_architect_schedules",
      "name": "Test_close",
      "provider": "provider[\"registry.terraform.io/mypurecloud/genesyscloud\"]",
      "instances": [
        {
          "schema_version": 1,
          "attributes_flat": {
            "description": "",
            "division_id": "d413f664-b1c4-472b-abe6-ab4634cae475",
            "end": "2025-01-27T23:59:00.000000",
            "id": "4c2f594d-f695-4a45-96eb-abfee7739f10",
            "name": "Test_close",
            "rrule": "FREQ=WEEKLY;WKST=SU;BYDAY=MO,FR",
            "start": "2025-01-27T18:01:00.000000"
          },
          "sensitive_attributes": []
        }
      ]
    },
    {
      "mode": "managed",
      "type": "genesyscloud_architect_schedules",
      "name": "Test_close1",
      "provider": "provider[\"registry.terraform.io/mypurecloud/genesyscloud\"]",
      "instances": [
        {
          "schema_version": 1,
          "attributes_flat": {
            "description": "",
            "division_id": "d413f664-b1c4-472b-abe6-ab4634cae475",
            "end": "2025-01-27T23:30:00.000000",
            "id": "8ab896e7-c453-472d-b2b4-30dfe782653b",
            "name": "Test_close1",
            "rrule": "FREQ=WEEKLY;WKST=SU;BYDAY=MO,TU,WE,TH,FR",
            "start": "2025-01-27T17:00:00.000000"
          },
          "sensitive_attributes": []
        }
      ]
    },
    {
      "mode": "managed",
      "type": "genesyscloud_architect_schedules",
      "name": "Turbi_Test",
      "provider": "provider[\"registry.terraform.io/mypurecloud/genesyscloud\"]",
      "instances": [
        {
          "schema_version": 1,
          "attributes_flat": {
            "description": "",
            "division_id": "d413f664-b1c4-472b-abe6-ab4634cae475",
            "end": "2023-09-14T17:00:00.000000",
            "id": "c36ca883-a320-4f22-af01-0dc32d5912c5",
            "name": "Turbi_Test",
            "rrule": "FREQ=DAILY",
            "start": "2023-09-14T09:00:00.000000"
          },
          "sensitive_attributes": []
        }
      ]
    },
    {
      "mode": "managed",
      "type": "genesyscloud_architect_schedules",
      "name": "Vaibhav_NonWorking",
      "provider": "provider[\"registry.terraform.io/mypurecloud/genesyscloud\"]",
      "instances": [
        {
          "schema_version": 1,
          "attributes_flat": {
            "description": "",
            "division_id": "d413f664-b1c4-472b-abe6-ab4634cae475",
            "end": "2025-05-10T00:00:00.000000",
            "id": "49d40079-8890-4ffa-a825-ea2994b1c34e",
            "name": "Vaibhav_NonWorking",
            "rrule": "FREQ=WEEKLY;WKST=SU;BYDAY=FR,SA",
            "start": "2025-05-09T00:00:00.000000"
          },
          "sensitive_attributes": []
        }
      ]
    },
    {
      "mode": "managed",
      "type": "genesyscloud_architect_schedules",
      "name": "Vaibhav_Working",
      "provider": "provider[\"registry.terraform.io/mypurecloud/genesyscloud\"]",
      "instances": [
        {
          "schema_version": 1,
          "attributes_flat": {
            "description": "",
            "division_id": "d413f664-b1c4-472b-abe6-ab4634cae475",
            "end": "2025-05-05T00:00:00.000000",
            "id": "cd0d67d3-54e4-483b-88a6-5e3f1607affc",
            "name": "Vaibhav_Working",
            "rrule": "FREQ=WEEKLY;WKST=SU;BYDAY=MO,TU,WE,TH,SU",
            "start": "2025-05-04T00:00:00.000000"
          },
          "sensitive_attributes": []
        }
      ]
    },
    {
      "mode": "managed",
      "type": "genesyscloud_architect_schedules",
      "name": "Weekend_Sat_and_Sunday_closed",
      "provider": "provider[\"registry.terraform.io/mypurecloud/genesyscloud\"]",
      "instances": [
        {
          "schema_version": 1,
          "attributes_flat": {
            "description": "",
            "division_id": "d413f664-b1c4-472b-abe6-ab4634cae475",
            "end": "2024-09-30T00:00:00.000000",
            "id": "aa9e8c1a-c713-4197-b7eb-f32a8ccaef8c",
            "name": "Weekend Sat and Sunday closed",
            "rrule": "FREQ=WEEKLY;WKST=SU;BYDAY=SA,SU",
            "start": "2024-09-29T00:00:00.000000"
          },
          "sensitive_attributes": []
        }
      ]
    },
    {
      "mode": "managed",
      "type": "genesyscloud_architect_schedules",
      "name": "WorkingHrs_FTest22",
      "provider": "provider[\"registry.terraform.io/mypurecloud/genesyscloud\"]",
      "instances": [
        {
          "schema_version": 1,
          "attributes_flat": {
            "description": "",
            "division_id": "d413f664-b1c4-472b-abe6-ab4634cae475",
            "end": "2024-07-05T19:00:00.000000",
            "id": "1ea5df8b-9d24-4239-b740-5eccb75658d5",
            "name": "WorkingHrs_FTest22",
            "rrule": "FREQ=DAILY",
            "start": "2024-07-05T09:00:00.000000"
          },
          "sensitive_attributes": []
        }
      ]
    },
    {
      "mode": "managed",
      "type": "genesyscloud_architect_schedules",
      "name": "Working_Hours1",
      "provider": "provider[\"registry.terraform.io/mypurecloud/genesyscloud\"]",
      "instances": [
        {
          "schema_version": 1,
          "attributes_flat": {
            "description": "",
            "division_id": "d413f664-b1c4-472b-abe6-ab4634cae475",
            "end": "2023-02-06T18:00:00.000000",
            "id": "68548b68-da64-400e-8196-587e57da25fa",
            "name": "Working Hours1",
            "rrule": "FREQ=WEEKLY;INTERVAL=1;BYDAY=MO,TU,WE,TH,FR",
            "start": "2023-02-06T08:00:00.000000"
          },
          "sensitive_attributes": []
        }
      ]
    },
    {
      "mode": "managed",
      "type": "genesyscloud_architect_schedules",
      "name": "Working_Hours_customer_support",
      "provider": "provider[\"registry.terraform.io/mypurecloud/genesyscloud\"]",
      "instances": [
        {
          "schema_version": 1,
          "attributes_flat": {
            "description": "",
            "division_id": "d413f664-b1c4-472b-abe6-ab4634cae475",
            "end": "2022-07-17T23:59:00.000000",
            "id": "bac912db-32b4-4418-9fbb-cc7b85b61e9f",
            "name": "Working Hours customer support",
            "rrule": "FREQ=WEEKLY;INTERVAL=1;BYDAY=MO,TU,WE,TH,FR,SA,SU",
            "start": "2022-07-17T01:00:00.000000"
          },
          "sensitive_attributes": []
        }
      ]
    },
    {
      "mode": "managed",
      "type": "genesyscloud_architect_schedules",
      "name": "Working_hour_Madhusudan",
      "provider": "provider[\"registry.terraform.io/mypurecloud/genesyscloud\"]",
      "instances": [
        {
          "schema_version": 1,
          "attributes_flat": {
            "description": "",
            "division_id": "d413f664-b1c4-472b-abe6-ab4634cae475",
            "end": "2023-06-05T17:00:00.000000",
            "id": "65b1c5b3-0d6e-422f-aa1a-5627235f7db3",
            "name": "Working hour_Madhusudan",
            "rrule": "FREQ=WEEKLY;INTERVAL=1;BYDAY=MO,TU,WE,TH,FR",
            "start": "2023-06-05T09:00:00.000000"
          },
          "sensitive_attributes": []
        }
      ]
    },
    {
      "mode": "managed",
      "type": "genesyscloud_architect_schedules",
      "name": "_5-6PM_call_transfer",
      "provider": "provider[\"registry.terraform.io/mypurecloud/genesyscloud\"]",
      "instances": [
        {
          "schema_version": 1,
          "attributes_flat": {
            "description": "",
            "division_id": "d413f664-b1c4-472b-abe6-ab4634cae475",
            "end": "2023-01-11T00:00:00.000000",
            "id": "bbe38549-bac3-456b-9c30-f967f2768363",
            "name": "5-6PM call transfer",
            "rrule": "FREQ=WEEKLY;BYDAY=MO,TU,WE,TH,SA,SU",
            "start": "2023-01-09T00:00:00.000000"
          },
          "sensitive_attributes": []
        }
      ]
    },
    {
      "mode": "managed",
      "type": "genesyscloud_architect_schedules",
      "name": "_6pmto1159pm",
      "provider": "provider[\"registry.terraform.io/mypurecloud/genesyscloud\"]",
      "instances": [
        {
          "schema_version": 1,
          "attributes_flat": {
            "description": "",
            "division_id": "d413f664-b1c4-472b-abe6-ab4634cae475",
            "end": "2024-06-29T23:59:00.000000",
            "id": "0d6c60f0-0726-40f6-a921-696e597d5ff2",
            "name": "6pmto1159pm",
            "rrule": "FREQ=WEEKLY;BYDAY=MO,TU,WE,TH,FR",
            "start": "2024-06-11T18:00:00.000000"
          },
          "sensitive_attributes": []
        }
      ]
    },
    {
      "mode": "managed",
      "type": "genesyscloud_architect_schedules",
      "name": "_8AM_8PM_IST_DHL_POC",
      "provider": "provider[\"registry.terraform.io/mypurecloud/genesyscloud\"]",
      "instances": [
        {
          "schema_version": 1,
          "attributes_flat": {
            "description": "",
            "division_id": "747cf086-fbb0-4944-907a-387913c090af",
            "end": "2023-06-27T19:59:00.000000",
            "id": "8304d2a2-23d4-4aaa-b7a7-f70a5306dc3e",
            "name": "8AM 8PM IST DHL POC",
            "rrule": "FREQ=WEEKLY;INTERVAL=1;BYDAY=MO,TU,WE,TH,FR",
            "start": "2023-06-27T07:59:00.000000"
          },
          "sensitive_attributes": []
        }
      ]
    },
    {
      "mode": "managed",
      "type": "genesyscloud_architect_schedules",
      "name": "_8am-5pm__Amway",
      "provider": "provider[\"registry.terraform.io/mypurecloud/genesyscloud\"]",
      "instances": [
        {
          "schema_version": 1,
          "attributes_flat": {
            "description": "",
            "division_id": "d413f664-b1c4-472b-abe6-ab4634cae475",
            "end": "2023-01-09T20:15:00.000000",
            "id": "b459bb4e-23c3-482d-ba01-0c189941cc9a",
            "name": "8am-5pm  Amway",
            "rrule": "FREQ=WEEKLY;INTERVAL=1;BYDAY=MO,TU,WE,TH,FR,SA,SU",
            "start": "2023-01-09T08:00:00.000000"
          },
          "sensitive_attributes": []
        }
      ]
    },
    {
      "mode": "managed",
      "type": "genesyscloud_architect_schedules",
      "name": "_9amTo5pm",
      "provider": "provider[\"registry.terraform.io/mypurecloud/genesyscloud\"]",
      "instances": [
        {
          "schema_version": 1,
          "attributes_flat": {
            "description": "",
            "division_id": "d413f664-b1c4-472b-abe6-ab4634cae475",
            "end": "2023-11-16T17:00:00.000000",
            "id": "d57c3baf-90f1-43b7-96d2-b1a2c45ae249",
            "name": "9amTo5pm",
            "rrule": "FREQ=DAILY",
            "start": "2023-11-16T09:00:00.000000"
          },
          "sensitive_attributes": []
        }
      ]
    },
    {
      "mode": "managed",
      "type": "genesyscloud_architect_schedules",
      "name": "addSkillAddOnFri-rweekendRoutingW2C-CSG",
      "provider": "provider[\"registry.terraform.io/mypurecloud/genesyscloud\"]",
      "instances": [
        {
          "schema_version": 1,
          "attributes_flat": {
            "description": "",
            "division_id": "d413f664-b1c4-472b-abe6-ab4634cae475",
            "end": "2023-10-16T11:55:00.000000",
            "id": "184dcbbf-5fdc-46e2-b4b0-77723d9d5a7d",
            "name": "addSkillAddOnFri-rweekendRoutingW2C-CSG",
            "rrule": "FREQ=WEEKLY;WKST=SU;BYDAY=MO",
            "start": "2023-10-16T11:45:00.000000"
          },
          "sensitive_attributes": []
        }
      ]
    },
    {
      "mode": "managed",
      "type": "genesyscloud_architect_schedules",
      "name": "addSkillRemoveOnMon-rweekendRoutingW2C-CSG",
      "provider": "provider[\"registry.terraform.io/mypurecloud/genesyscloud\"]",
      "instances": [
        {
          "schema_version": 1,
          "attributes_flat": {
            "description": "",
            "division_id": "d413f664-b1c4-472b-abe6-ab4634cae475",
            "end": "2023-10-16T11:59:00.000000",
            "id": "24c46e0d-9dee-4f70-a1cc-36f1beeb2686",
            "name": "addSkillRemoveOnMon-rweekendRoutingW2C-CSG",
            "rrule": "FREQ=WEEKLY;WKST=SU;BYDAY=MO",
            "start": "2023-10-16T11:55:00.000000"
          },
          "sensitive_attributes": []
        }
      ]
    },
    {
      "mode": "managed",
      "type": "genesyscloud_architect_schedules",
      "name": "asd",
      "provider": "provider[\"registry.terraform.io/mypurecloud/genesyscloud\"]",
      "instances": [
        {
          "schema_version": 1,
          "attributes_flat": {
            "description": "",
            "division_id": "d413f664-b1c4-472b-abe6-ab4634cae475",
            "end": "2024-10-31T17:00:00.000000",
            "id": "cdad4363-45ab-4e3e-a23e-718e28be9745",
            "name": "asd",
            "rrule": "FREQ=WEEKLY;WKST=SU;BYDAY=MO,TU,WE,TH,FR",
            "start": "2024-10-01T09:00:00.000000"
          },
          "sensitive_attributes": []
        }
      ]
    },
    {
      "mode": "managed",
      "type": "genesyscloud_architect_schedules",
      "name": "aworkingnonworking",
      "provider": "provider[\"registry.terraform.io/mypurecloud/genesyscloud\"]",
      "instances": [
        {
          "schema_version": 1,
          "attributes_flat": {
            "description": "",
            "division_id": "d413f664-b1c4-472b-abe6-ab4634cae475",
            "end": "2024-03-19T17:00:00.000000",
            "id": "05a53b4d-4d95-4b6c-b68e-f89daf2d5ce6",
            "name": "aworkingnonworking",
            "rrule": "FREQ=DAILY",
            "start": "2024-03-19T09:00:00.000000"
          },
          "sensitive_attributes": []
        }
      ]
    },
    {
      "mode": "managed",
      "type": "genesyscloud_architect_schedules",
      "name": "c_Holiday",
      "provider": "provider[\"registry.terraform.io/mypurecloud/genesyscloud\"]",
      "instances": [
        {
          "schema_version": 1,
          "attributes_flat": {
            "description": "",
            "division_id": "d413f664-b1c4-472b-abe6-ab4634cae475",
            "end": "2024-06-05T00:00:00.000000",
            "id": "b9b29239-4b64-4aad-9c2a-b796993ad338",
            "name": "c_Holiday",
            "rrule": "FREQ=WEEKLY;WKST=SU;BYDAY=TU",
            "start": "2024-06-04T00:00:00.000000"
          },
          "sensitive_attributes": []
        }
      ]
    },
    {
      "mode": "managed",
      "type": "genesyscloud_architect_schedules",
      "name": "close_hours",
      "provider": "provider[\"registry.terraform.io/mypurecloud/genesyscloud\"]",
      "instances": [
        {
          "schema_version": 1,
          "attributes_flat": {
            "description": "",
            "division_id": "d413f664-b1c4-472b-abe6-ab4634cae475",
            "end": "2022-08-24T23:59:59.000000",
            "id": "dd507ed1-80ce-45d4-984a-ecd00c7c2c33",
            "name": "close hours",
            "rrule": "",
            "start": "2022-08-24T00:00:00.000000"
          },
          "sensitive_attributes": []
        }
      ]
    },
    {
      "mode": "managed",
      "type": "genesyscloud_architect_schedules",
      "name": "emergency",
      "provider": "provider[\"registry.terraform.io/mypurecloud/genesyscloud\"]",
      "instances": [
        {
          "schema_version": 1,
          "attributes_flat": {
            "description": "",
            "division_id": "d413f664-b1c4-472b-abe6-ab4634cae475",
            "end": "2025-04-17T22:00:00.000000",
            "id": "ecde1018-fe89-43c6-93dd-f194ba0e26f3",
            "name": "emergency",
            "rrule": "FREQ=WEEKLY;WKST=SU;BYDAY=MO,TU,WE,TH,FR",
            "start": "2025-04-17T09:00:00.000000"
          },
          "sensitive_attributes": []
        }
      ]
    },
    {
      "mode": "managed",
      "type": "genesyscloud_architect_schedules",
      "name": "independence_day",
      "provider": "provider[\"registry.terraform.io/mypurecloud/genesyscloud\"]",
      "instances": [
        {
          "schema_version": 1,
          "attributes_flat": {
            "description": "",
            "division_id": "d413f664-b1c4-472b-abe6-ab4634cae475",
            "end": "2022-08-15T23:59:59.000000",
            "id": "1549e2ad-bf1a-458d-8d81-c7aab6532831",
            "name": "independence day",
            "rrule": "FREQ=YEARLY;INTERVAL=1;BYMONTH=8;BYMONTHDAY=15",
            "start": "2022-08-15T00:00:00.000000"
          },
          "sensitive_attributes": []
        }
      ]
    },
    {
      "mode": "managed",
      "type": "genesyscloud_architect_schedules",
      "name": "myBambuChristmasHoliday",
      "provider": "provider[\"registry.terraform.io/mypurecloud/genesyscloud\"]",
      "instances": [
        {
          "schema_version": 1,
          "attributes_flat": {
            "description": "",
            "division_id": "d413f664-b1c4-472b-abe6-ab4634cae475",
            "end": "2025-12-26T00:00:00.000000",
            "id": "4fc69872-d00b-46d9-a2a5-06d3ff1f3cff",
            "name": "myBambuChristmasHoliday",
            "rrule": "FREQ=YEARLY;BYMONTH=12;BYMONTHDAY=25",
            "start": "2025-12-25T00:00:00.000000"
          },
          "sensitive_attributes": []
        }
      ]
    },
    {
      "mode": "managed",
      "type": "genesyscloud_architect_schedules",
      "name": "myBambuNewYearHoliday",
      "provider": "provider[\"registry.terraform.io/mypurecloud/genesyscloud\"]",
      "instances": [
        {
          "schema_version": 1,
          "attributes_flat": {
            "description": "",
            "division_id": "d413f664-b1c4-472b-abe6-ab4634cae475",
            "end": "2025-01-02T00:00:00.000000",
            "id": "590ea697-03e0-4c8a-885c-03a619e27f4e",
            "name": "myBambuNewYearHoliday",
            "rrule": "FREQ=YEARLY;BYMONTH=1;BYMONTHDAY=1",
            "start": "2025-01-01T00:00:00.000000"
          },
          "sensitive_attributes": []
        }
      ]
    },
    {
      "mode": "managed",
      "type": "genesyscloud_architect_schedules",
      "name": "myBambuWeekEndWorkingHours",
      "provider": "provider[\"registry.terraform.io/mypurecloud/genesyscloud\"]",
      "instances": [
        {
          "schema_version": 1,
          "attributes_flat": {
            "description": "",
            "division_id": "d413f664-b1c4-472b-abe6-ab4634cae475",
            "end": "2025-05-03T16:00:00.000000",
            "id": "aff469ee-3d84-40d2-9307-09b852e595c2",
            "name": "myBambuWeekEndWorkingHours",
            "rrule": "FREQ=WEEKLY;WKST=SU;BYDAY=SA,SU",
            "start": "2025-05-03T09:00:00.000000"
          },
          "sensitive_attributes": []
        }
      ]
    },
    {
      "mode": "managed",
      "type": "genesyscloud_architect_schedules",
      "name": "myBambu_Working_Hours",
      "provider": "provider[\"registry.terraform.io/mypurecloud/genesyscloud\"]",
      "instances": [
        {
          "schema_version": 1,
          "attributes_flat": {
            "description": "",
            "division_id": "d413f664-b1c4-472b-abe6-ab4634cae475",
            "end": "2025-04-28T21:00:00.000000",
            "id": "1c2b1e4c-38b8-4904-b9c4-8e75db7966be",
            "name": "myBambu Working Hours",
            "rrule": "FREQ=DAILY",
            "start": "2025-04-28T08:00:00.000000"
          },
          "sensitive_attributes": []
        }
      ]
    },
    {
      "mode": "managed",
      "type": "genesyscloud_architect_schedules",
      "name": "naresh_closed_hours",
      "provider": "provider[\"registry.terraform.io/mypurecloud/genesyscloud\"]",
      "instances": [
        {
          "schema_version": 1,
          "attributes_flat": {
            "description": "",
            "division_id": "d413f664-b1c4-472b-abe6-ab4634cae475",
            "end": "2023-04-29T07:59:00.000000",
            "id": "db8710a5-b8a6-4d3b-8886-016705167c7e",
            "name": "naresh closed hours",
            "rrule": "FREQ=WEEKLY;INTERVAL=1;BYDAY=MO,TU,WE,TH,FR",
            "start": "2023-04-28T18:01:00.000000"
          },
          "sensitive_attributes": []
        }
      ]
    },
    {
      "mode": "managed",
      "type": "genesyscloud_architect_schedules",
      "name": "naresh_holidays",
      "provider": "provider[\"registry.terraform.io/mypurecloud/genesyscloud\"]",
      "instances": [
        {
          "schema_version": 1,
          "attributes_flat": {
            "description": "",
            "division_id": "d413f664-b1c4-472b-abe6-ab4634cae475",
            "end": "2023-04-29T23:59:59.000000",
            "id": "3b2af171-fe69-4d1b-a41e-ec3ad5189fae",
            "name": "naresh holidays",
            "rrule": "FREQ=WEEKLY;INTERVAL=1;BYDAY=SA,SU",
            "start": "2023-04-29T00:00:00.000000"
          },
          "sensitive_attributes": []
        }
      ]
    },
    {
      "mode": "managed",
      "type": "genesyscloud_architect_schedules",
      "name": "naresh_independence",
      "provider": "provider[\"registry.terraform.io/mypurecloud/genesyscloud\"]",
      "instances": [
        {
          "schema_version": 1,
          "attributes_flat": {
            "description": "",
            "division_id": "d413f664-b1c4-472b-abe6-ab4634cae475",
            "end": "2023-04-28T23:59:59.000000",
            "id": "a62027ae-7088-46b3-8aa1-52e2332db684",
            "name": "naresh independence",
            "rrule": "FREQ=YEARLY;INTERVAL=1;BYMONTH=4;BYMONTHDAY=28",
            "start": "2023-04-28T00:00:00.000000"
          },
          "sensitive_attributes": []
        }
      ]
    },
    {
      "mode": "managed",
      "type": "genesyscloud_architect_schedules",
      "name": "nvidiapoc_openhours",
      "provider": "provider[\"registry.terraform.io/mypurecloud/genesyscloud\"]",
      "instances": [
        {
          "schema_version": 1,
          "attributes_flat": {
            "description": "",
            "division_id": "706e21a6-e7b8-415d-8606-69128f87c75a",
            "end": "2024-01-09T02:00:00.000000",
            "id": "6c8a845b-2d27-445e-a38e-f1273e70810a",
            "name": "nvidiapoc_openhours",
            "rrule": "FREQ=WEEKLY;WKST=SU;BYDAY=MO,TU,WE,TH,FR",
            "start": "2024-01-08T12:00:00.000000"
          },
          "sensitive_attributes": []
        }
      ]
    },
    {
      "mode": "managed",
      "type": "genesyscloud_architect_schedules",
      "name": "testAug23",
      "provider": "provider[\"registry.terraform.io/mypurecloud/genesyscloud\"]",
      "instances": [
        {
          "schema_version": 1,
          "attributes_flat": {
            "description": "",
            "division_id": "d413f664-b1c4-472b-abe6-ab4634cae475",
            "end": "2023-08-06T17:00:00.000000",
            "id": "336352fa-5e3b-49d3-a889-915cae4d0805",
            "name": "testAug23",
            "rrule": "",
            "start": "2023-08-06T15:00:00.000000"
          },
          "sensitive_attributes": []
        }
      ]
    },
    {
      "mode": "managed",
      "type": "genesyscloud_architect_schedules",
      "name": "test_open",
      "provider": "provider[\"registry.terraform.io/mypurecloud/genesyscloud\"]",
      "instances": [
        {
          "schema_version": 1,
          "attributes_flat": {
            "description": "",
            "division_id": "d413f664-b1c4-472b-abe6-ab4634cae475",
            "end": "2024-06-24T17:59:00.000000",
            "id": "b65d477b-c2f4-46e6-84a4-564341eacfa2",
            "name": "test open",
            "rrule": "FREQ=WEEKLY;BYDAY=MO,TU,WE,TH,FR",
            "start": "2024-06-24T09:00:00.000000"
          },
          "sensitive_attributes": []
        }
      ]
    },
    {
      "mode": "managed",
      "type": "genesyscloud_architect_schedules",
      "name": "test_outofofficehrs-5pm-9am",
      "provider": "provider[\"registry.terraform.io/mypurecloud/genesyscloud\"]",
      "instances": [
        {
          "schema_version": 1,
          "attributes_flat": {
            "description": "",
            "division_id": "d413f664-b1c4-472b-abe6-ab4634cae475",
            "end": "2023-07-19T17:01:00.000000",
            "id": "cccb8d45-eb21-4ee2-b643-f50f6daa0976",
            "name": "test_outofofficehrs-5pm-9am",
            "rrule": "FREQ=DAILY;INTERVAL=1",
            "start": "2023-07-19T17:00:00.000000"
          },
          "sensitive_attributes": []
        }
      ]
    },
    {
      "mode": "managed",
      "type": "genesyscloud_architect_schedules",
      "name": "testmon9to5",
      "provider": "provider[\"registry.terraform.io/mypurecloud/genesyscloud\"]",
      "instances": [
        {
          "schema_version": 1,
          "attributes_flat": {
            "description": "",
            "division_id": "d413f664-b1c4-472b-abe6-ab4634cae475",
            "end": "2024-11-30T17:00:00.000000",
            "id": "a26a6858-e016-4595-8b01-cca38f72f4fa",
            "name": "testmon9to5",
            "rrule": "FREQ=WEEKLY;WKST=SU;BYDAY=MO,FR",
            "start": "2024-09-06T09:00:00.000000"
          },
          "sensitive_attributes": []
        }
      ]
    },
    {
      "mode": "managed",
      "type": "genesyscloud_architect_schedules",
      "name": "tuesday10to2",
      "provider": "provider[\"registry.terraform.io/mypurecloud/genesyscloud\"]",
      "instances": [
        {
          "schema_version": 1,
          "attributes_flat": {
            "description": "",
            "division_id": "d413f664-b1c4-472b-abe6-ab4634cae475",
            "end": "2024-09-10T14:00:00.000000",
            "id": "942efd22-98ee-46a3-9e28-6682331cf4b9",
            "name": "tuesday10to2",
            "rrule": "FREQ=WEEKLY;WKST=SU;BYDAY=TU",
            "start": "2024-09-10T09:00:00.000000"
          },
          "sensitive_attributes": []
        }
      ]
    },
    {
      "mode": "managed",
      "type": "genesyscloud_architect_schedules",
      "name": "working_hours",
      "provider": "provider[\"registry.terraform.io/mypurecloud/genesyscloud\"]",
      "instances": [
        {
          "schema_version": 1,
          "attributes_flat": {
            "description": "",
            "division_id": "d413f664-b1c4-472b-abe6-ab4634cae475",
            "end": "2022-07-08T08:00:00.000000",
            "id": "66f28535-6d1d-4e8d-a898-75ea0aed7423",
            "name": "working hours",
            "rrule": "FREQ=WEEKLY;INTERVAL=1;BYDAY=MO,TU,WE,TH,FR",
            "start": "2022-07-08T00:00:00.000000"
          },
          "sensitive_attributes": []
        }
      ]
    }
  ],
  "check_results": null
}
